// !$*UTF8*$!
{
	archiveVersion = 1;
	classes = {
	};
	objectVersion = 46;
	objects = {

/* Begin PBXBuildFile section */
		A63261211C58193200508740 /* main.m in Sources */ = {isa = PBXBuildFile; fileRef = A63261131C58193200508740 /* main.m */; };
		A63261221C58193200508740 /* PUAppDelegate.m in Sources */ = {isa = PBXBuildFile; fileRef = A63261151C58193200508740 /* PUAppDelegate.m */; };
		A63261231C58193200508740 /* Assets.xcassets in Resources */ = {isa = PBXBuildFile; fileRef = A63261171C58193200508740 /* Assets.xcassets */; };
		A63261241C58193200508740 /* LaunchScreen.storyboard in Resources */ = {isa = PBXBuildFile; fileRef = A63261181C58193200508740 /* LaunchScreen.storyboard */; };
		A653E0DF1C679558002F424F /* PUTableViewCell.m in Sources */ = {isa = PBXBuildFile; fileRef = A653E0DE1C679558002F424F /* PUTableViewCell.m */; };
		A653E0F71C679ED7002F424F /* PUListView.m in Sources */ = {isa = PBXBuildFile; fileRef = A653E0E91C679ED7002F424F /* PUListView.m */; };
		A653E0F81C679ED7002F424F /* PUListView.xib in Resources */ = {isa = PBXBuildFile; fileRef = A653E0EA1C679ED7002F424F /* PUListView.xib */; };
		A653E0F91C679ED7002F424F /* PUListViewController.m in Sources */ = {isa = PBXBuildFile; fileRef = A653E0EC1C679ED7002F424F /* PUListViewController.m */; };
		A653E0FA1C679ED7002F424F /* PUListCell.m in Sources */ = {isa = PBXBuildFile; fileRef = A653E0EF1C679ED7002F424F /* PUListCell.m */; };
		A653E0FB1C679ED7002F424F /* PUListCell.xib in Resources */ = {isa = PBXBuildFile; fileRef = A653E0F01C679ED7002F424F /* PUListCell.xib */; };
		A653E0FC1C679ED7002F424F /* PUSquareView.m in Sources */ = {isa = PBXBuildFile; fileRef = A653E0F31C679ED7002F424F /* PUSquareView.m */; };
		A653E0FD1C679ED7002F424F /* PUSquareView.xib in Resources */ = {isa = PBXBuildFile; fileRef = A653E0F41C679ED7002F424F /* PUSquareView.xib */; };
		A653E0FE1C679ED7002F424F /* PUSquareViewController.m in Sources */ = {isa = PBXBuildFile; fileRef = A653E0F61C679ED7002F424F /* PUSquareViewController.m */; };
		A653E1021C67A542002F424F /* PUListItem.m in Sources */ = {isa = PBXBuildFile; fileRef = A653E1011C67A542002F424F /* PUListItem.m */; };
		A6959CB31C69EDF90045A6E6 /* PUList.m in Sources */ = {isa = PBXBuildFile; fileRef = A6959CB21C69EDF90045A6E6 /* PUList.m */; };
		A6959CB71C6A0C880045A6E6 /* PUObservableObject.m in Sources */ = {isa = PBXBuildFile; fileRef = A6959CB61C6A0C880045A6E6 /* PUObservableObject.m */; };
		A6B8827C1C64D4F00073FB5B /* UIWindow+PUExtensions.m in Sources */ = {isa = PBXBuildFile; fileRef = A6B882791C64D4F00073FB5B /* UIWindow+PUExtensions.m */; };
		A6B882801C64F5530073FB5B /* UIColor+PUExtensions.m in Sources */ = {isa = PBXBuildFile; fileRef = A6B8827F1C64F5530073FB5B /* UIColor+PUExtensions.m */; };
		A6B882821C64F8580073FB5B /* CGGeometry+PUExtensions.m in Sources */ = {isa = PBXBuildFile; fileRef = A6B882811C64F8580073FB5B /* CGGeometry+PUExtensions.m */; };
/* End PBXBuildFile section */

/* Begin PBXFileReference section */
		A63260F71C5816C600508740 /* ProjectUI.app */ = {isa = PBXFileReference; explicitFileType = wrapper.application; includeInIndex = 0; path = ProjectUI.app; sourceTree = BUILT_PRODUCTS_DIR; };
		A63261121C58193200508740 /* Info.plist */ = {isa = PBXFileReference; fileEncoding = 4; lastKnownFileType = text.plist.xml; path = Info.plist; sourceTree = "<group>"; };
		A63261131C58193200508740 /* main.m */ = {isa = PBXFileReference; fileEncoding = 4; lastKnownFileType = sourcecode.c.objc; path = main.m; sourceTree = "<group>"; };
		A63261141C58193200508740 /* PUAppDelegate.h */ = {isa = PBXFileReference; fileEncoding = 4; lastKnownFileType = sourcecode.c.h; path = PUAppDelegate.h; sourceTree = "<group>"; };
		A63261151C58193200508740 /* PUAppDelegate.m */ = {isa = PBXFileReference; fileEncoding = 4; lastKnownFileType = sourcecode.c.objc; path = PUAppDelegate.m; sourceTree = "<group>"; };
		A63261171C58193200508740 /* Assets.xcassets */ = {isa = PBXFileReference; lastKnownFileType = folder.assetcatalog; path = Assets.xcassets; sourceTree = "<group>"; };
		A63261191C58193200508740 /* Base */ = {isa = PBXFileReference; lastKnownFileType = file.storyboard; name = Base; path = Base.lproj/LaunchScreen.storyboard; sourceTree = "<group>"; };
		A653E0DD1C679558002F424F /* PUTableViewCell.h */ = {isa = PBXFileReference; fileEncoding = 4; lastKnownFileType = sourcecode.c.h; path = PUTableViewCell.h; sourceTree = "<group>"; };
		A653E0DE1C679558002F424F /* PUTableViewCell.m */ = {isa = PBXFileReference; fileEncoding = 4; lastKnownFileType = sourcecode.c.objc; path = PUTableViewCell.m; sourceTree = "<group>"; };
		A653E0E81C679ED7002F424F /* PUListView.h */ = {isa = PBXFileReference; fileEncoding = 4; lastKnownFileType = sourcecode.c.h; path = PUListView.h; sourceTree = "<group>"; };
		A653E0E91C679ED7002F424F /* PUListView.m */ = {isa = PBXFileReference; fileEncoding = 4; lastKnownFileType = sourcecode.c.objc; path = PUListView.m; sourceTree = "<group>"; };
		A653E0EA1C679ED7002F424F /* PUListView.xib */ = {isa = PBXFileReference; fileEncoding = 4; lastKnownFileType = file.xib; path = PUListView.xib; sourceTree = "<group>"; };
		A653E0EB1C679ED7002F424F /* PUListViewController.h */ = {isa = PBXFileReference; fileEncoding = 4; lastKnownFileType = sourcecode.c.h; path = PUListViewController.h; sourceTree = "<group>"; };
		A653E0EC1C679ED7002F424F /* PUListViewController.m */ = {isa = PBXFileReference; fileEncoding = 4; lastKnownFileType = sourcecode.c.objc; path = PUListViewController.m; sourceTree = "<group>"; };
		A653E0EE1C679ED7002F424F /* PUListCell.h */ = {isa = PBXFileReference; fileEncoding = 4; lastKnownFileType = sourcecode.c.h; path = PUListCell.h; sourceTree = "<group>"; };
		A653E0EF1C679ED7002F424F /* PUListCell.m */ = {isa = PBXFileReference; fileEncoding = 4; lastKnownFileType = sourcecode.c.objc; path = PUListCell.m; sourceTree = "<group>"; };
		A653E0F01C679ED7002F424F /* PUListCell.xib */ = {isa = PBXFileReference; fileEncoding = 4; lastKnownFileType = file.xib; path = PUListCell.xib; sourceTree = "<group>"; };
		A653E0F21C679ED7002F424F /* PUSquareView.h */ = {isa = PBXFileReference; fileEncoding = 4; lastKnownFileType = sourcecode.c.h; path = PUSquareView.h; sourceTree = "<group>"; };
		A653E0F31C679ED7002F424F /* PUSquareView.m */ = {isa = PBXFileReference; fileEncoding = 4; lastKnownFileType = sourcecode.c.objc; path = PUSquareView.m; sourceTree = "<group>"; };
		A653E0F41C679ED7002F424F /* PUSquareView.xib */ = {isa = PBXFileReference; fileEncoding = 4; lastKnownFileType = file.xib; path = PUSquareView.xib; sourceTree = "<group>"; };
		A653E0F51C679ED7002F424F /* PUSquareViewController.h */ = {isa = PBXFileReference; fileEncoding = 4; lastKnownFileType = sourcecode.c.h; path = PUSquareViewController.h; sourceTree = "<group>"; };
		A653E0F61C679ED7002F424F /* PUSquareViewController.m */ = {isa = PBXFileReference; fileEncoding = 4; lastKnownFileType = sourcecode.c.objc; path = PUSquareViewController.m; sourceTree = "<group>"; };
		A653E1011C67A542002F424F /* PUListItem.m */ = {isa = PBXFileReference; fileEncoding = 4; lastKnownFileType = sourcecode.c.objc; name = PUListItem.m; path = ../PUListItem/PUListItem.m; sourceTree = "<group>"; };
		A653E1031C67A618002F424F /* PUListItem.h */ = {isa = PBXFileReference; lastKnownFileType = sourcecode.c.h; path = PUListItem.h; sourceTree = "<group>"; };
		A6959CB11C69EDF90045A6E6 /* PUList.h */ = {isa = PBXFileReference; fileEncoding = 4; lastKnownFileType = sourcecode.c.h; path = PUList.h; sourceTree = "<group>"; };
		A6959CB21C69EDF90045A6E6 /* PUList.m */ = {isa = PBXFileReference; fileEncoding = 4; lastKnownFileType = sourcecode.c.objc; path = PUList.m; sourceTree = "<group>"; };
		A6959CB51C6A0C880045A6E6 /* PUObservableObject.h */ = {isa = PBXFileReference; fileEncoding = 4; lastKnownFileType = sourcecode.c.h; path = PUObservableObject.h; sourceTree = "<group>"; };
		A6959CB61C6A0C880045A6E6 /* PUObservableObject.m */ = {isa = PBXFileReference; fileEncoding = 4; lastKnownFileType = sourcecode.c.objc; path = PUObservableObject.m; sourceTree = "<group>"; };
		A6959CB81C6A0F4F0045A6E6 /* PUClangMacro.h */ = {isa = PBXFileReference; lastKnownFileType = sourcecode.c.h; path = PUClangMacro.h; sourceTree = "<group>"; };
		A6959CB91C6A0F900045A6E6 /* PUOwnershipMacro.h */ = {isa = PBXFileReference; lastKnownFileType = sourcecode.c.h; path = PUOwnershipMacro.h; sourceTree = "<group>"; };
		A6B882761C64D4F00073FB5B /* CGGeometry+PUExtensions.h */ = {isa = PBXFileReference; fileEncoding = 4; lastKnownFileType = sourcecode.c.h; path = "CGGeometry+PUExtensions.h"; sourceTree = "<group>"; };
		A6B882781C64D4F00073FB5B /* UIWindow+PUExtensions.h */ = {isa = PBXFileReference; fileEncoding = 4; lastKnownFileType = sourcecode.c.h; path = "UIWindow+PUExtensions.h"; sourceTree = "<group>"; };
		A6B882791C64D4F00073FB5B /* UIWindow+PUExtensions.m */ = {isa = PBXFileReference; fileEncoding = 4; lastKnownFileType = sourcecode.c.objc; path = "UIWindow+PUExtensions.m"; sourceTree = "<group>"; };
		A6B8827B1C64D4F00073FB5B /* PUViewControllerMacro.h */ = {isa = PBXFileReference; fileEncoding = 4; lastKnownFileType = sourcecode.c.h; path = PUViewControllerMacro.h; sourceTree = "<group>"; };
		A6B8827E1C64F3960073FB5B /* UIColor+PUExtensions.h */ = {isa = PBXFileReference; lastKnownFileType = sourcecode.c.h; path = "UIColor+PUExtensions.h"; sourceTree = "<group>"; };
		A6B8827F1C64F5530073FB5B /* UIColor+PUExtensions.m */ = {isa = PBXFileReference; fileEncoding = 4; lastKnownFileType = sourcecode.c.objc; path = "UIColor+PUExtensions.m"; sourceTree = "<group>"; };
		A6B882811C64F8580073FB5B /* CGGeometry+PUExtensions.m */ = {isa = PBXFileReference; fileEncoding = 4; lastKnownFileType = sourcecode.c.objc; path = "CGGeometry+PUExtensions.m"; sourceTree = "<group>"; };
/* End PBXFileReference section */

/* Begin PBXFrameworksBuildPhase section */
		A63260F41C5816C600508740 /* Frameworks */ = {
			isa = PBXFrameworksBuildPhase;
			buildActionMask = 2147483647;
			files = (
			);
			runOnlyForDeploymentPostprocessing = 0;
		};
/* End PBXFrameworksBuildPhase section */

/* Begin PBXGroup section */
		A63260EE1C5816C600508740 = {
			isa = PBXGroup;
			children = (
				A63260F81C5816C600508740 /* Products */,
				A63261111C58193200508740 /* ProjectUI */,
				A63261161C58193200508740 /* Resources */,
				A632611C1C58193200508740 /* Source */,
			);
			sourceTree = "<group>";
		};
		A63260F81C5816C600508740 /* Products */ = {
			isa = PBXGroup;
			children = (
				A63260F71C5816C600508740 /* ProjectUI.app */,
			);
			name = Products;
			sourceTree = "<group>";
		};
		A63261111C58193200508740 /* ProjectUI */ = {
			isa = PBXGroup;
			children = (
				A63261141C58193200508740 /* PUAppDelegate.h */,
				A63261151C58193200508740 /* PUAppDelegate.m */,
				A63261121C58193200508740 /* Info.plist */,
				A63261131C58193200508740 /* main.m */,
			);
			path = ProjectUI;
			sourceTree = "<group>";
		};
		A63261161C58193200508740 /* Resources */ = {
			isa = PBXGroup;
			children = (
				A63261171C58193200508740 /* Assets.xcassets */,
				A63261181C58193200508740 /* LaunchScreen.storyboard */,
			);
			path = Resources;
			sourceTree = "<group>";
		};
		A632611C1C58193200508740 /* Source */ = {
			isa = PBXGroup;
			children = (
				A6B882731C64D4F00073FB5B /* Library */,
				A653E0DB1C679506002F424F /* Models */,
				A653E0E61C679ED7002F424F /* UI */,
			);
			path = Source;
			sourceTree = "<group>";
		};
		A653E0DA1C6794DE002F424F /* Classes */ = {
			isa = PBXGroup;
			children = (
				A6959CB41C6A0C880045A6E6 /* PUObservableObject */,
				A653E0DC1C67951D002F424F /* PUTableViewCell */,
			);
			path = Classes;
			sourceTree = "<group>";
		};
		A653E0DB1C679506002F424F /* Models */ = {
			isa = PBXGroup;
			children = (
				A6959CB01C69EDCF0045A6E6 /* PUList */,
				A653E0FF1C67A425002F424F /* PUListItem */,
			);
			path = Models;
			sourceTree = "<group>";
		};
		A653E0DC1C67951D002F424F /* PUTableViewCell */ = {
			isa = PBXGroup;
			children = (
				A653E0DD1C679558002F424F /* PUTableViewCell.h */,
				A653E0DE1C679558002F424F /* PUTableViewCell.m */,
			);
			path = PUTableViewCell;
			sourceTree = "<group>";
		};
		A653E0E61C679ED7002F424F /* UI */ = {
			isa = PBXGroup;
			children = (
				A653E0F11C679ED7002F424F /* PUSquareViewController */,
				A653E0E71C679ED7002F424F /* PUListViewController */,
			);
			path = UI;
			sourceTree = "<group>";
		};
		A653E0E71C679ED7002F424F /* PUListViewController */ = {
			isa = PBXGroup;
			children = (
				A653E0ED1C679ED7002F424F /* Views */,
				A653E0EB1C679ED7002F424F /* PUListViewController.h */,
				A653E0EC1C679ED7002F424F /* PUListViewController.m */,
				A653E0E81C679ED7002F424F /* PUListView.h */,
				A653E0E91C679ED7002F424F /* PUListView.m */,
				A653E0EA1C679ED7002F424F /* PUListView.xib */,
			);
			path = PUListViewController;
			sourceTree = "<group>";
		};
		A653E0ED1C679ED7002F424F /* Views */ = {
			isa = PBXGroup;
			children = (
				A653E0EE1C679ED7002F424F /* PUListCell.h */,
				A653E0EF1C679ED7002F424F /* PUListCell.m */,
				A653E0F01C679ED7002F424F /* PUListCell.xib */,
			);
			path = Views;
			sourceTree = "<group>";
		};
		A653E0F11C679ED7002F424F /* PUSquareViewController */ = {
			isa = PBXGroup;
			children = (
				A653E0F51C679ED7002F424F /* PUSquareViewController.h */,
				A653E0F61C679ED7002F424F /* PUSquareViewController.m */,
				A653E0F21C679ED7002F424F /* PUSquareView.h */,
				A653E0F31C679ED7002F424F /* PUSquareView.m */,
				A653E0F41C679ED7002F424F /* PUSquareView.xib */,
			);
			path = PUSquareViewController;
			sourceTree = "<group>";
		};
		A653E0FF1C67A425002F424F /* PUListItem */ = {
			isa = PBXGroup;
			children = (
				A653E1031C67A618002F424F /* PUListItem.h */,
				A653E1011C67A542002F424F /* PUListItem.m */,
			);
			path = PUListItem;
			sourceTree = "<group>";
		};
		A6959CB01C69EDCF0045A6E6 /* PUList */ = {
			isa = PBXGroup;
			children = (
				A6959CB11C69EDF90045A6E6 /* PUList.h */,
				A6959CB21C69EDF90045A6E6 /* PUList.m */,
			);
			path = PUList;
			sourceTree = "<group>";
		};
		A6959CB41C6A0C880045A6E6 /* PUObservableObject */ = {
			isa = PBXGroup;
			children = (
				A6959CB51C6A0C880045A6E6 /* PUObservableObject.h */,
				A6959CB61C6A0C880045A6E6 /* PUObservableObject.m */,
			);
			path = PUObservableObject;
			sourceTree = "<group>";
		};
		A6B882731C64D4F00073FB5B /* Library */ = {
			isa = PBXGroup;
			children = (
				A6B882741C64D4F00073FB5B /* Categories */,
				A653E0DA1C6794DE002F424F /* Classes */,
				A6B8827A1C64D4F00073FB5B /* Macro */,
			);
			name = Library;
			path = Source/Library;
			sourceTree = SOURCE_ROOT;
		};
		A6B882741C64D4F00073FB5B /* Categories */ = {
			isa = PBXGroup;
			children = (
				A6B882751C64D4F00073FB5B /* CGGeometry */,
				A6B882771C64D4F00073FB5B /* UIWindow */,
				A6B8827D1C64F3590073FB5B /* UIColor */,
			);
			path = Categories;
			sourceTree = "<group>";
		};
		A6B882751C64D4F00073FB5B /* CGGeometry */ = {
			isa = PBXGroup;
			children = (
				A6B882761C64D4F00073FB5B /* CGGeometry+PUExtensions.h */,
				A6B882811C64F8580073FB5B /* CGGeometry+PUExtensions.m */,
			);
			path = CGGeometry;
			sourceTree = "<group>";
		};
		A6B882771C64D4F00073FB5B /* UIWindow */ = {
			isa = PBXGroup;
			children = (
				A6B882781C64D4F00073FB5B /* UIWindow+PUExtensions.h */,
				A6B882791C64D4F00073FB5B /* UIWindow+PUExtensions.m */,
			);
			path = UIWindow;
			sourceTree = "<group>";
		};
		A6B8827A1C64D4F00073FB5B /* Macro */ = {
			isa = PBXGroup;
			children = (
				A6B8827B1C64D4F00073FB5B /* PUViewControllerMacro.h */,
				A6959CB91C6A0F900045A6E6 /* PUOwnershipMacro.h */,
				A6959CB81C6A0F4F0045A6E6 /* PUClangMacro.h */,
			);
			path = Macro;
			sourceTree = "<group>";
		};
		A6B8827D1C64F3590073FB5B /* UIColor */ = {
			isa = PBXGroup;
			children = (
				A6B8827E1C64F3960073FB5B /* UIColor+PUExtensions.h */,
				A6B8827F1C64F5530073FB5B /* UIColor+PUExtensions.m */,
			);
			path = UIColor;
			sourceTree = "<group>";
		};
/* End PBXGroup section */

/* Begin PBXNativeTarget section */
		A63260F61C5816C600508740 /* ProjectUI */ = {
			isa = PBXNativeTarget;
			buildConfigurationList = A632610E1C5816C600508740 /* Build configuration list for PBXNativeTarget "ProjectUI" */;
			buildPhases = (
				A63260F31C5816C600508740 /* Sources */,
				A63260F41C5816C600508740 /* Frameworks */,
				A63260F51C5816C600508740 /* Resources */,
			);
			buildRules = (
			);
			dependencies = (
			);
			name = ProjectUI;
			productName = ProjectUI;
			productReference = A63260F71C5816C600508740 /* ProjectUI.app */;
			productType = "com.apple.product-type.application";
		};
/* End PBXNativeTarget section */

/* Begin PBXProject section */
		A63260EF1C5816C600508740 /* Project object */ = {
			isa = PBXProject;
			attributes = {
				CLASSPREFIX = PU;
				LastUpgradeCheck = 0710;
				ORGANIZATIONNAME = "ILYA Toka";
				TargetAttributes = {
					A63260F61C5816C600508740 = {
						CreatedOnToolsVersion = 7.1.1;
						DevelopmentTeam = AL83NT8N97;
					};
				};
			};
			buildConfigurationList = A63260F21C5816C600508740 /* Build configuration list for PBXProject "ProjectUI" */;
			compatibilityVersion = "Xcode 3.2";
			developmentRegion = English;
			hasScannedForEncodings = 0;
			knownRegions = (
				en,
				Base,
			);
			mainGroup = A63260EE1C5816C600508740;
			productRefGroup = A63260F81C5816C600508740 /* Products */;
			projectDirPath = "";
			projectRoot = "";
			targets = (
				A63260F61C5816C600508740 /* ProjectUI */,
			);
		};
/* End PBXProject section */

/* Begin PBXResourcesBuildPhase section */
		A63260F51C5816C600508740 /* Resources */ = {
			isa = PBXResourcesBuildPhase;
			buildActionMask = 2147483647;
			files = (
				A653E0FB1C679ED7002F424F /* PUListCell.xib in Resources */,
				A63261241C58193200508740 /* LaunchScreen.storyboard in Resources */,
				A653E0F81C679ED7002F424F /* PUListView.xib in Resources */,
				A653E0FD1C679ED7002F424F /* PUSquareView.xib in Resources */,
				A63261231C58193200508740 /* Assets.xcassets in Resources */,
			);
			runOnlyForDeploymentPostprocessing = 0;
		};
/* End PBXResourcesBuildPhase section */

/* Begin PBXSourcesBuildPhase section */
		A63260F31C5816C600508740 /* Sources */ = {
			isa = PBXSourcesBuildPhase;
			buildActionMask = 2147483647;
			files = (
				A653E0FE1C679ED7002F424F /* PUSquareViewController.m in Sources */,
				A6B8827C1C64D4F00073FB5B /* UIWindow+PUExtensions.m in Sources */,
				A653E0F91C679ED7002F424F /* PUListViewController.m in Sources */,
				A63261211C58193200508740 /* main.m in Sources */,
				A653E1021C67A542002F424F /* PUListItem.m in Sources */,
				A653E0FA1C679ED7002F424F /* PUListCell.m in Sources */,
				A653E0DF1C679558002F424F /* PUTableViewCell.m in Sources */,
				A653E0F71C679ED7002F424F /* PUListView.m in Sources */,
				A6B882821C64F8580073FB5B /* CGGeometry+PUExtensions.m in Sources */,
				A63261221C58193200508740 /* PUAppDelegate.m in Sources */,
				A6959CB31C69EDF90045A6E6 /* PUList.m in Sources */,
				A653E0FC1C679ED7002F424F /* PUSquareView.m in Sources */,
				A6959CB71C6A0C880045A6E6 /* PUObservableObject.m in Sources */,
				A6B882801C64F5530073FB5B /* UIColor+PUExtensions.m in Sources */,
			);
			runOnlyForDeploymentPostprocessing = 0;
		};
/* End PBXSourcesBuildPhase section */

/* Begin PBXVariantGroup section */
		A63261181C58193200508740 /* LaunchScreen.storyboard */ = {
			isa = PBXVariantGroup;
			children = (
				A63261191C58193200508740 /* Base */,
			);
			name = LaunchScreen.storyboard;
			sourceTree = "<group>";
		};
/* End PBXVariantGroup section */

/* Begin XCBuildConfiguration section */
		A632610C1C5816C600508740 /* Debug */ = {
			isa = XCBuildConfiguration;
			buildSettings = {
				ALWAYS_SEARCH_USER_PATHS = NO;
				CLANG_CXX_LANGUAGE_STANDARD = "gnu++0x";
				CLANG_CXX_LIBRARY = "libc++";
				CLANG_ENABLE_MODULES = YES;
				CLANG_ENABLE_OBJC_ARC = YES;
				CLANG_WARN_BOOL_CONVERSION = YES;
				CLANG_WARN_CONSTANT_CONVERSION = YES;
				CLANG_WARN_DIRECT_OBJC_ISA_USAGE = YES_ERROR;
				CLANG_WARN_EMPTY_BODY = YES;
				CLANG_WARN_ENUM_CONVERSION = YES;
				CLANG_WARN_INT_CONVERSION = YES;
				CLANG_WARN_OBJC_ROOT_CLASS = YES_ERROR;
				CLANG_WARN_UNREACHABLE_CODE = YES;
				CLANG_WARN__DUPLICATE_METHOD_MATCH = YES;
				"CODE_SIGN_IDENTITY[sdk=iphoneos*]" = "iPhone Developer";
				COPY_PHASE_STRIP = NO;
				DEBUG_INFORMATION_FORMAT = dwarf;
				ENABLE_STRICT_OBJC_MSGSEND = YES;
				ENABLE_TESTABILITY = YES;
				GCC_C_LANGUAGE_STANDARD = gnu99;
				GCC_DYNAMIC_NO_PIC = NO;
				GCC_NO_COMMON_BLOCKS = YES;
				GCC_OPTIMIZATION_LEVEL = 0;
				GCC_PREPROCESSOR_DEFINITIONS = (
					"DEBUG=1",
					"$(inherited)",
				);
				GCC_WARN_64_TO_32_BIT_CONVERSION = YES;
				GCC_WARN_ABOUT_RETURN_TYPE = YES_ERROR;
				GCC_WARN_SHADOW = YES;
				GCC_WARN_UNDECLARED_SELECTOR = YES;
				GCC_WARN_UNINITIALIZED_AUTOS = YES_AGGRESSIVE;
				GCC_WARN_UNUSED_FUNCTION = YES;
				GCC_WARN_UNUSED_VARIABLE = YES;
				IPHONEOS_DEPLOYMENT_TARGET = 9.1;
				MTL_ENABLE_DEBUG_INFO = YES;
				ONLY_ACTIVE_ARCH = YES;
				SDKROOT = iphoneos;
			};
			name = Debug;
		};
		A632610D1C5816C600508740 /* Release */ = {
			isa = XCBuildConfiguration;
			buildSettings = {
				ALWAYS_SEARCH_USER_PATHS = NO;
				CLANG_CXX_LANGUAGE_STANDARD = "gnu++0x";
				CLANG_CXX_LIBRARY = "libc++";
				CLANG_ENABLE_MODULES = YES;
				CLANG_ENABLE_OBJC_ARC = YES;
				CLANG_WARN_BOOL_CONVERSION = YES;
				CLANG_WARN_CONSTANT_CONVERSION = YES;
				CLANG_WARN_DIRECT_OBJC_ISA_USAGE = YES_ERROR;
				CLANG_WARN_EMPTY_BODY = YES;
				CLANG_WARN_ENUM_CONVERSION = YES;
				CLANG_WARN_INT_CONVERSION = YES;
				CLANG_WARN_OBJC_ROOT_CLASS = YES_ERROR;
				CLANG_WARN_UNREACHABLE_CODE = YES;
				CLANG_WARN__DUPLICATE_METHOD_MATCH = YES;
				"CODE_SIGN_IDENTITY[sdk=iphoneos*]" = "iPhone Developer";
				COPY_PHASE_STRIP = NO;
				DEBUG_INFORMATION_FORMAT = "dwarf-with-dsym";
				ENABLE_NS_ASSERTIONS = NO;
				ENABLE_STRICT_OBJC_MSGSEND = YES;
				GCC_C_LANGUAGE_STANDARD = gnu99;
				GCC_NO_COMMON_BLOCKS = YES;
				GCC_WARN_64_TO_32_BIT_CONVERSION = YES;
				GCC_WARN_ABOUT_RETURN_TYPE = YES_ERROR;
				GCC_WARN_SHADOW = YES;
				GCC_WARN_UNDECLARED_SELECTOR = YES;
				GCC_WARN_UNINITIALIZED_AUTOS = YES_AGGRESSIVE;
				GCC_WARN_UNUSED_FUNCTION = YES;
				GCC_WARN_UNUSED_VARIABLE = YES;
				IPHONEOS_DEPLOYMENT_TARGET = 9.1;
				MTL_ENABLE_DEBUG_INFO = NO;
				SDKROOT = iphoneos;
				VALIDATE_PRODUCT = YES;
			};
			name = Release;
		};
		A632610F1C5816C600508740 /* Debug */ = {
			isa = XCBuildConfiguration;
			buildSettings = {
				ASSETCATALOG_COMPILER_APPICON_NAME = AppIcon;
				CODE_SIGN_IDENTITY = "iPhone Developer";
				INFOPLIST_FILE = ProjectUI/Info.plist;
				LD_RUNPATH_SEARCH_PATHS = "$(inherited) @executable_path/Frameworks";
				PRODUCT_BUNDLE_IDENTIFIER = com.ilyatoka.ProjectUI;
				PRODUCT_NAME = "$(TARGET_NAME)";
			};
			name = Debug;
		};
		A63261101C5816C600508740 /* Release */ = {
			isa = XCBuildConfiguration;
			buildSettings = {
				ASSETCATALOG_COMPILER_APPICON_NAME = AppIcon;
				CODE_SIGN_IDENTITY = "iPhone Developer";
				INFOPLIST_FILE = ProjectUI/Info.plist;
				LD_RUNPATH_SEARCH_PATHS = "$(inherited) @executable_path/Frameworks";
				PRODUCT_BUNDLE_IDENTIFIER = com.ilyatoka.ProjectUI;
				PRODUCT_NAME = "$(TARGET_NAME)";
			};
			name = Release;
		};
/* End XCBuildConfiguration section */

/* Begin XCConfigurationList section */
		A63260F21C5816C600508740 /* Build configuration list for PBXProject "ProjectUI" */ = {
			isa = XCConfigurationList;
			buildConfigurations = (
				A632610C1C5816C600508740 /* Debug */,
				A632610D1C5816C600508740 /* Release */,
			);
			defaultConfigurationIsVisible = 0;
			defaultConfigurationName = Release;
		};
		A632610E1C5816C600508740 /* Build configuration list for PBXNativeTarget "ProjectUI" */ = {
			isa = XCConfigurationList;
			buildConfigurations = (
				A632610F1C5816C600508740 /* Debug */,
				A63261101C5816C600508740 /* Release */,
			);
			defaultConfigurationIsVisible = 0;
			defaultConfigurationName = Release;
		};
/* End XCConfigurationList section */
	};
	rootObject = A63260EF1C5816C600508740 /* Project object */;
}
