// !$*UTF8*$!
{
	archiveVersion = 1;
	classes = {
	};
	objectVersion = 46;
	objects = {

/* Begin PBXBuildFile section */
		A63261211C58193200508740 /* main.m in Sources */ = {isa = PBXBuildFile; fileRef = A63261131C58193200508740 /* main.m */; };
		A63261221C58193200508740 /* PUAppDelegate.m in Sources */ = {isa = PBXBuildFile; fileRef = A63261151C58193200508740 /* PUAppDelegate.m */; };
		A63261231C58193200508740 /* Assets.xcassets in Resources */ = {isa = PBXBuildFile; fileRef = A63261171C58193200508740 /* Assets.xcassets */; };
		A63261241C58193200508740 /* LaunchScreen.storyboard in Resources */ = {isa = PBXBuildFile; fileRef = A63261181C58193200508740 /* LaunchScreen.storyboard */; };
		A63261301C5BD82900508740 /* UIWindow+PUExtensions.m in Sources */ = {isa = PBXBuildFile; fileRef = A632612F1C5BD82900508740 /* UIWindow+PUExtensions.m */; };
		A63261391C5C00CC00508740 /* PUView.m in Sources */ = {isa = PBXBuildFile; fileRef = A63261351C5C00CC00508740 /* PUView.m */; };
		A632613A1C5C00CC00508740 /* PUView.xib in Resources */ = {isa = PBXBuildFile; fileRef = A63261361C5C00CC00508740 /* PUView.xib */; };
		A632613B1C5C00CC00508740 /* PUViewController.m in Sources */ = {isa = PBXBuildFile; fileRef = A63261381C5C00CC00508740 /* PUViewController.m */; };
/* End PBXBuildFile section */

/* Begin PBXFileReference section */
		A63260F71C5816C600508740 /* ProjectUI.app */ = {isa = PBXFileReference; explicitFileType = wrapper.application; includeInIndex = 0; path = ProjectUI.app; sourceTree = BUILT_PRODUCTS_DIR; };
		A63261121C58193200508740 /* Info.plist */ = {isa = PBXFileReference; fileEncoding = 4; lastKnownFileType = text.plist.xml; path = Info.plist; sourceTree = "<group>"; };
		A63261131C58193200508740 /* main.m */ = {isa = PBXFileReference; fileEncoding = 4; lastKnownFileType = sourcecode.c.objc; path = main.m; sourceTree = "<group>"; };
		A63261141C58193200508740 /* PUAppDelegate.h */ = {isa = PBXFileReference; fileEncoding = 4; lastKnownFileType = sourcecode.c.h; path = PUAppDelegate.h; sourceTree = "<group>"; };
		A63261151C58193200508740 /* PUAppDelegate.m */ = {isa = PBXFileReference; fileEncoding = 4; lastKnownFileType = sourcecode.c.objc; path = PUAppDelegate.m; sourceTree = "<group>"; };
		A63261171C58193200508740 /* Assets.xcassets */ = {isa = PBXFileReference; lastKnownFileType = folder.assetcatalog; path = Assets.xcassets; sourceTree = "<group>"; };
		A63261191C58193200508740 /* Base */ = {isa = PBXFileReference; lastKnownFileType = file.storyboard; name = Base; path = Base.lproj/LaunchScreen.storyboard; sourceTree = "<group>"; };
		A632612E1C5BD82900508740 /* UIWindow+PUExtensions.h */ = {isa = PBXFileReference; fileEncoding = 4; lastKnownFileType = sourcecode.c.h; path = "UIWindow+PUExtensions.h"; sourceTree = "<group>"; };
		A632612F1C5BD82900508740 /* UIWindow+PUExtensions.m */ = {isa = PBXFileReference; fileEncoding = 4; lastKnownFileType = sourcecode.c.objc; path = "UIWindow+PUExtensions.m"; sourceTree = "<group>"; };
		A63261341C5C00CC00508740 /* PUView.h */ = {isa = PBXFileReference; fileEncoding = 4; lastKnownFileType = sourcecode.c.h; path = PUView.h; sourceTree = "<group>"; };
		A63261351C5C00CC00508740 /* PUView.m */ = {isa = PBXFileReference; fileEncoding = 4; lastKnownFileType = sourcecode.c.objc; path = PUView.m; sourceTree = "<group>"; };
		A63261361C5C00CC00508740 /* PUView.xib */ = {isa = PBXFileReference; fileEncoding = 4; lastKnownFileType = file.xib; path = PUView.xib; sourceTree = "<group>"; };
		A63261371C5C00CC00508740 /* PUViewController.h */ = {isa = PBXFileReference; fileEncoding = 4; lastKnownFileType = sourcecode.c.h; path = PUViewController.h; sourceTree = "<group>"; };
		A63261381C5C00CC00508740 /* PUViewController.m */ = {isa = PBXFileReference; fileEncoding = 4; lastKnownFileType = sourcecode.c.objc; path = PUViewController.m; sourceTree = "<group>"; };
		A63261461C63795300508740 /* CGGeometry+PUExtensions.h */ = {isa = PBXFileReference; lastKnownFileType = sourcecode.c.h; path = "CGGeometry+PUExtensions.h"; sourceTree = "<group>"; };
		A63261481C637FFE00508740 /* PUMacro.h */ = {isa = PBXFileReference; lastKnownFileType = sourcecode.c.h; path = PUMacro.h; sourceTree = "<group>"; };
/* End PBXFileReference section */

/* Begin PBXFrameworksBuildPhase section */
		A63260F41C5816C600508740 /* Frameworks */ = {
			isa = PBXFrameworksBuildPhase;
			buildActionMask = 2147483647;
			files = (
			);
			runOnlyForDeploymentPostprocessing = 0;
		};
/* End PBXFrameworksBuildPhase section */

/* Begin PBXGroup section */
		A63260EE1C5816C600508740 = {
			isa = PBXGroup;
			children = (
				A63260F81C5816C600508740 /* Products */,
				A63261111C58193200508740 /* ProjectUI */,
				A63261161C58193200508740 /* Resources */,
				A632611C1C58193200508740 /* Source */,
			);
			sourceTree = "<group>";
		};
		A63260F81C5816C600508740 /* Products */ = {
			isa = PBXGroup;
			children = (
				A63260F71C5816C600508740 /* ProjectUI.app */,
			);
			name = Products;
			sourceTree = "<group>";
		};
		A63261111C58193200508740 /* ProjectUI */ = {
			isa = PBXGroup;
			children = (
				A63261141C58193200508740 /* PUAppDelegate.h */,
				A63261151C58193200508740 /* PUAppDelegate.m */,
				A63261121C58193200508740 /* Info.plist */,
				A63261131C58193200508740 /* main.m */,
			);
			path = ProjectUI;
			sourceTree = "<group>";
		};
		A63261161C58193200508740 /* Resources */ = {
			isa = PBXGroup;
			children = (
				A63261171C58193200508740 /* Assets.xcassets */,
				A63261181C58193200508740 /* LaunchScreen.storyboard */,
			);
			path = Resources;
			sourceTree = "<group>";
		};
		A632611C1C58193200508740 /* Source */ = {
			isa = PBXGroup;
			children = (
				A63261471C637EE600508740 /* Macro */,
				A632612C1C5BD7B300508740 /* Categories */,
				A632611D1C58193200508740 /* UI */,
			);
			path = Source;
			sourceTree = "<group>";
		};
		A632611D1C58193200508740 /* UI */ = {
			isa = PBXGroup;
			children = (
				A63261321C5C00CC00508740 /* PUViewController */,
				A63261331C5C00CC00508740 /* PUView */,
			);
			path = UI;
			sourceTree = "<group>";
		};
		A632612C1C5BD7B300508740 /* Categories */ = {
			isa = PBXGroup;
			children = (
				A63261431C63785800508740 /* CGGeometry+PUExtensions */,
				A632612D1C5BD7D600508740 /* UIWindow+PUExtensions */,
			);
			path = Categories;
			sourceTree = "<group>";
		};
		A632612D1C5BD7D600508740 /* UIWindow+PUExtensions */ = {
			isa = PBXGroup;
			children = (
				A632612E1C5BD82900508740 /* UIWindow+PUExtensions.h */,
				A632612F1C5BD82900508740 /* UIWindow+PUExtensions.m */,
			);
			path = "UIWindow+PUExtensions";
			sourceTree = "<group>";
		};
		A63261321C5C00CC00508740 /* PUViewController */ = {
			isa = PBXGroup;
			children = (
				A63261371C5C00CC00508740 /* PUViewController.h */,
				A63261381C5C00CC00508740 /* PUViewController.m */,
			);
			path = PUViewController;
			sourceTree = "<group>";
		};
		A63261331C5C00CC00508740 /* PUView */ = {
			isa = PBXGroup;
			children = (
				A63261341C5C00CC00508740 /* PUView.h */,
				A63261351C5C00CC00508740 /* PUView.m */,
				A63261361C5C00CC00508740 /* PUView.xib */,
			);
			path = PUView;
			sourceTree = "<group>";
		};
		A63261431C63785800508740 /* CGGeometry+PUExtensions */ = {
			isa = PBXGroup;
			children = (
				A63261461C63795300508740 /* CGGeometry+PUExtensions.h */,
			);
			path = "CGGeometry+PUExtensions";
			sourceTree = "<group>";
		};
		A63261471C637EE600508740 /* Macro */ = {
			isa = PBXGroup;
			children = (
				A63261481C637FFE00508740 /* PUMacro.h */,
			);
			path = Macro;
			sourceTree = "<group>";
		};
/* End PBXGroup section */

/* Begin PBXNativeTarget section */
		A63260F61C5816C600508740 /* ProjectUI */ = {
			isa = PBXNativeTarget;
			buildConfigurationList = A632610E1C5816C600508740 /* Build configuration list for PBXNativeTarget "ProjectUI" */;
			buildPhases = (
				A63260F31C5816C600508740 /* Sources */,
				A63260F41C5816C600508740 /* Frameworks */,
				A63260F51C5816C600508740 /* Resources */,
			);
			buildRules = (
			);
			dependencies = (
			);
			name = ProjectUI;
			productName = ProjectUI;
			productReference = A63260F71C5816C600508740 /* ProjectUI.app */;
			productType = "com.apple.product-type.application";
		};
/* End PBXNativeTarget section */

/* Begin PBXProject section */
		A63260EF1C5816C600508740 /* Project object */ = {
			isa = PBXProject;
			attributes = {
				CLASSPREFIX = PU;
				LastUpgradeCheck = 0710;
				ORGANIZATIONNAME = "ILYA Toka";
				TargetAttributes = {
					A63260F61C5816C600508740 = {
						CreatedOnToolsVersion = 7.1.1;
						DevelopmentTeam = AL83NT8N97;
					};
				};
			};
			buildConfigurationList = A63260F21C5816C600508740 /* Build configuration list for PBXProject "ProjectUI" */;
			compatibilityVersion = "Xcode 3.2";
			developmentRegion = English;
			hasScannedForEncodings = 0;
			knownRegions = (
				en,
				Base,
			);
			mainGroup = A63260EE1C5816C600508740;
			productRefGroup = A63260F81C5816C600508740 /* Products */;
			projectDirPath = "";
			projectRoot = "";
			targets = (
				A63260F61C5816C600508740 /* ProjectUI */,
			);
		};
/* End PBXProject section */

/* Begin PBXResourcesBuildPhase section */
		A63260F51C5816C600508740 /* Resources */ = {
			isa = PBXResourcesBuildPhase;
			buildActionMask = 2147483647;
			files = (
				A632613A1C5C00CC00508740 /* PUView.xib in Resources */,
				A63261241C58193200508740 /* LaunchScreen.storyboard in Resources */,
				A63261231C58193200508740 /* Assets.xcassets in Resources */,
			);
			runOnlyForDeploymentPostprocessing = 0;
		};
/* End PBXResourcesBuildPhase section */

/* Begin PBXSourcesBuildPhase section */
		A63260F31C5816C600508740 /* Sources */ = {
			isa = PBXSourcesBuildPhase;
			buildActionMask = 2147483647;
			files = (
				A63261301C5BD82900508740 /* UIWindow+PUExtensions.m in Sources */,
				A63261211C58193200508740 /* main.m in Sources */,
				A63261221C58193200508740 /* PUAppDelegate.m in Sources */,
				A63261391C5C00CC00508740 /* PUView.m in Sources */,
				A632613B1C5C00CC00508740 /* PUViewController.m in Sources */,
			);
			runOnlyForDeploymentPostprocessing = 0;
		};
/* End PBXSourcesBuildPhase section */

/* Begin PBXVariantGroup section */
		A63261181C58193200508740 /* LaunchScreen.storyboard */ = {
			isa = PBXVariantGroup;
			children = (
				A63261191C58193200508740 /* Base */,
			);
			name = LaunchScreen.storyboard;
			sourceTree = "<group>";
		};
/* End PBXVariantGroup section */

/* Begin XCBuildConfiguration section */
		A632610C1C5816C600508740 /* Debug */ = {
			isa = XCBuildConfiguration;
			buildSettings = {
				ALWAYS_SEARCH_USER_PATHS = NO;
				CLANG_CXX_LANGUAGE_STANDARD = "gnu++0x";
				CLANG_CXX_LIBRARY = "libc++";
				CLANG_ENABLE_MODULES = YES;
				CLANG_ENABLE_OBJC_ARC = YES;
				CLANG_WARN_BOOL_CONVERSION = YES;
				CLANG_WARN_CONSTANT_CONVERSION = YES;
				CLANG_WARN_DIRECT_OBJC_ISA_USAGE = YES_ERROR;
				CLANG_WARN_EMPTY_BODY = YES;
				CLANG_WARN_ENUM_CONVERSION = YES;
				CLANG_WARN_INT_CONVERSION = YES;
				CLANG_WARN_OBJC_ROOT_CLASS = YES_ERROR;
				CLANG_WARN_UNREACHABLE_CODE = YES;
				CLANG_WARN__DUPLICATE_METHOD_MATCH = YES;
				"CODE_SIGN_IDENTITY[sdk=iphoneos*]" = "iPhone Developer";
				COPY_PHASE_STRIP = NO;
				DEBUG_INFORMATION_FORMAT = dwarf;
				ENABLE_STRICT_OBJC_MSGSEND = YES;
				ENABLE_TESTABILITY = YES;
				GCC_C_LANGUAGE_STANDARD = gnu99;
				GCC_DYNAMIC_NO_PIC = NO;
				GCC_NO_COMMON_BLOCKS = YES;
				GCC_OPTIMIZATION_LEVEL = 0;
				GCC_PREPROCESSOR_DEFINITIONS = (
					"DEBUG=1",
					"$(inherited)",
				);
				GCC_WARN_64_TO_32_BIT_CONVERSION = YES;
				GCC_WARN_ABOUT_RETURN_TYPE = YES_ERROR;
				GCC_WARN_SHADOW = YES;
				GCC_WARN_UNDECLARED_SELECTOR = YES;
				GCC_WARN_UNINITIALIZED_AUTOS = YES_AGGRESSIVE;
				GCC_WARN_UNUSED_FUNCTION = YES;
				GCC_WARN_UNUSED_VARIABLE = YES;
				IPHONEOS_DEPLOYMENT_TARGET = 9.1;
				MTL_ENABLE_DEBUG_INFO = YES;
				ONLY_ACTIVE_ARCH = YES;
				SDKROOT = iphoneos;
			};
			name = Debug;
		};
		A632610D1C5816C600508740 /* Release */ = {
			isa = XCBuildConfiguration;
			buildSettings = {
				ALWAYS_SEARCH_USER_PATHS = NO;
				CLANG_CXX_LANGUAGE_STANDARD = "gnu++0x";
				CLANG_CXX_LIBRARY = "libc++";
				CLANG_ENABLE_MODULES = YES;
				CLANG_ENABLE_OBJC_ARC = YES;
				CLANG_WARN_BOOL_CONVERSION = YES;
				CLANG_WARN_CONSTANT_CONVERSION = YES;
				CLANG_WARN_DIRECT_OBJC_ISA_USAGE = YES_ERROR;
				CLANG_WARN_EMPTY_BODY = YES;
				CLANG_WARN_ENUM_CONVERSION = YES;
				CLANG_WARN_INT_CONVERSION = YES;
				CLANG_WARN_OBJC_ROOT_CLASS = YES_ERROR;
				CLANG_WARN_UNREACHABLE_CODE = YES;
				CLANG_WARN__DUPLICATE_METHOD_MATCH = YES;
				"CODE_SIGN_IDENTITY[sdk=iphoneos*]" = "iPhone Developer";
				COPY_PHASE_STRIP = NO;
				DEBUG_INFORMATION_FORMAT = "dwarf-with-dsym";
				ENABLE_NS_ASSERTIONS = NO;
				ENABLE_STRICT_OBJC_MSGSEND = YES;
				GCC_C_LANGUAGE_STANDARD = gnu99;
				GCC_NO_COMMON_BLOCKS = YES;
				GCC_WARN_64_TO_32_BIT_CONVERSION = YES;
				GCC_WARN_ABOUT_RETURN_TYPE = YES_ERROR;
				GCC_WARN_SHADOW = YES;
				GCC_WARN_UNDECLARED_SELECTOR = YES;
				GCC_WARN_UNINITIALIZED_AUTOS = YES_AGGRESSIVE;
				GCC_WARN_UNUSED_FUNCTION = YES;
				GCC_WARN_UNUSED_VARIABLE = YES;
				IPHONEOS_DEPLOYMENT_TARGET = 9.1;
				MTL_ENABLE_DEBUG_INFO = NO;
				SDKROOT = iphoneos;
				VALIDATE_PRODUCT = YES;
			};
			name = Release;
		};
		A632610F1C5816C600508740 /* Debug */ = {
			isa = XCBuildConfiguration;
			buildSettings = {
				ASSETCATALOG_COMPILER_APPICON_NAME = AppIcon;
				CODE_SIGN_IDENTITY = "iPhone Developer";
				INFOPLIST_FILE = ProjectUI/Info.plist;
				LD_RUNPATH_SEARCH_PATHS = "$(inherited) @executable_path/Frameworks";
				PRODUCT_BUNDLE_IDENTIFIER = com.ilyatoka.ProjectUI;
				PRODUCT_NAME = "$(TARGET_NAME)";
			};
			name = Debug;
		};
		A63261101C5816C600508740 /* Release */ = {
			isa = XCBuildConfiguration;
			buildSettings = {
				ASSETCATALOG_COMPILER_APPICON_NAME = AppIcon;
				CODE_SIGN_IDENTITY = "iPhone Developer";
				INFOPLIST_FILE = ProjectUI/Info.plist;
				LD_RUNPATH_SEARCH_PATHS = "$(inherited) @executable_path/Frameworks";
				PRODUCT_BUNDLE_IDENTIFIER = com.ilyatoka.ProjectUI;
				PRODUCT_NAME = "$(TARGET_NAME)";
			};
			name = Release;
		};
/* End XCBuildConfiguration section */

/* Begin XCConfigurationList section */
		A63260F21C5816C600508740 /* Build configuration list for PBXProject "ProjectUI" */ = {
			isa = XCConfigurationList;
			buildConfigurations = (
				A632610C1C5816C600508740 /* Debug */,
				A632610D1C5816C600508740 /* Release */,
			);
			defaultConfigurationIsVisible = 0;
			defaultConfigurationName = Release;
		};
		A632610E1C5816C600508740 /* Build configuration list for PBXNativeTarget "ProjectUI" */ = {
			isa = XCConfigurationList;
			buildConfigurations = (
				A632610F1C5816C600508740 /* Debug */,
				A63261101C5816C600508740 /* Release */,
			);
			defaultConfigurationIsVisible = 0;
			defaultConfigurationName = Release;
		};
/* End XCConfigurationList section */
	};
	rootObject = A63260EF1C5816C600508740 /* Project object */;
}
