// !$*UTF8*$!
{
	archiveVersion = 1;
	classes = {
	};
	objectVersion = 46;
	objects = {

/* Begin PBXBuildFile section */
		A624AD401BA88412001371AB /* main.c in Sources */ = {isa = PBXBuildFile; fileRef = A624AD3E1BA88412001371AB /* main.c */; };
		A69BFA0B1BA8ABDB00CF067E /* LCHDataTypesTests.c in Sources */ = {isa = PBXBuildFile; fileRef = A69BFA0A1BA8ABDB00CF067E /* LCHDataTypesTests.c */; };
/* End PBXBuildFile section */

/* Begin PBXCopyFilesBuildPhase section */
		A69BA6CD1BA7553400C548A5 /* CopyFiles */ = {
			isa = PBXCopyFilesBuildPhase;
			buildActionMask = 2147483647;
			dstPath = /usr/share/man/man1/;
			dstSubfolderSpec = 0;
			files = (
			);
			runOnlyForDeploymentPostprocessing = 1;
		};
/* End PBXCopyFilesBuildPhase section */

/* Begin PBXFileReference section */
		A624AD3E1BA88412001371AB /* main.c */ = {isa = PBXFileReference; fileEncoding = 4; lastKnownFileType = sourcecode.c.c; path = main.c; sourceTree = "<group>"; };
		A624AD481BA8A8B9001371AB /* LCHDataTypes.h */ = {isa = PBXFileReference; fileEncoding = 4; lastKnownFileType = sourcecode.c.h; path = LCHDataTypes.h; sourceTree = "<group>"; };
		A69BA6CF1BA7553400C548A5 /* LCHlearnchardway */ = {isa = PBXFileReference; explicitFileType = "compiled.mach-o.executable"; includeInIndex = 0; path = LCHlearnchardway; sourceTree = BUILT_PRODUCTS_DIR; };
		A69BFA0A1BA8ABDB00CF067E /* LCHDataTypesTests.c */ = {isa = PBXFileReference; fileEncoding = 4; lastKnownFileType = sourcecode.c.c; path = LCHDataTypesTests.c; sourceTree = "<group>"; };
		A69BFA0C1BA8AC2F00CF067E /* LCHDataTypesTests.h */ = {isa = PBXFileReference; fileEncoding = 4; lastKnownFileType = sourcecode.c.h; path = LCHDataTypesTests.h; sourceTree = "<group>"; };
/* End PBXFileReference section */

/* Begin PBXFrameworksBuildPhase section */
		A69BA6CC1BA7553400C548A5 /* Frameworks */ = {
			isa = PBXFrameworksBuildPhase;
			buildActionMask = 2147483647;
			files = (
			);
			runOnlyForDeploymentPostprocessing = 0;
		};
/* End PBXFrameworksBuildPhase section */

/* Begin PBXGroup section */
		A624AD3D1BA88412001371AB /* Sources */ = {
			isa = PBXGroup;
			children = (
				A624AD471BA8A859001371AB /* LCHDataTypes */,
				A624AD3E1BA88412001371AB /* main.c */,
			);
			path = Sources;
			sourceTree = "<group>";
		};
		A624AD3F1BA88412001371AB /* Tests */ = {
			isa = PBXGroup;
			children = (
				A624AD491BA8A8C2001371AB /* LCHDataTypesTests */,
			);
			path = Tests;
			sourceTree = "<group>";
		};
		A624AD471BA8A859001371AB /* LCHDataTypes */ = {
			isa = PBXGroup;
			children = (
				A624AD481BA8A8B9001371AB /* LCHDataTypes.h */,
			);
			path = LCHDataTypes;
			sourceTree = "<group>";
		};
		A624AD491BA8A8C2001371AB /* LCHDataTypesTests */ = {
			isa = PBXGroup;
			children = (
				A69BFA0C1BA8AC2F00CF067E /* LCHDataTypesTests.h */,
				A69BFA0A1BA8ABDB00CF067E /* LCHDataTypesTests.c */,
			);
			path = LCHDataTypesTests;
			sourceTree = "<group>";
		};
		A69BA6C61BA7553400C548A5 = {
			isa = PBXGroup;
			children = (
				A69BA6D01BA7553400C548A5 /* Products */,
				A624AD3D1BA88412001371AB /* Sources */,
				A624AD3F1BA88412001371AB /* Tests */,
			);
			sourceTree = "<group>";
		};
		A69BA6D01BA7553400C548A5 /* Products */ = {
			isa = PBXGroup;
			children = (
				A69BA6CF1BA7553400C548A5 /* LCHlearnchardway */,
			);
			name = Products;
			sourceTree = "<group>";
		};
/* End PBXGroup section */

/* Begin PBXNativeTarget section */
		A69BA6CE1BA7553400C548A5 /* LCHlearnchardway */ = {
			isa = PBXNativeTarget;
			buildConfigurationList = A69BA6D61BA7553400C548A5 /* Build configuration list for PBXNativeTarget "LCHlearnchardway" */;
			buildPhases = (
				A69BA6CB1BA7553400C548A5 /* Sources */,
				A69BA6CC1BA7553400C548A5 /* Frameworks */,
				A69BA6CD1BA7553400C548A5 /* CopyFiles */,
			);
			buildRules = (
			);
			dependencies = (
			);
			name = LCHlearnchardway;
			productName = LCHlearnchardway;
			productReference = A69BA6CF1BA7553400C548A5 /* LCHlearnchardway */;
			productType = "com.apple.product-type.tool";
		};
/* End PBXNativeTarget section */

/* Begin PBXProject section */
		A69BA6C71BA7553400C548A5 /* Project object */ = {
			isa = PBXProject;
			attributes = {
				LastUpgradeCheck = 0640;
				ORGANIZATIONNAME = "ILYA Toka";
				TargetAttributes = {
					A69BA6CE1BA7553400C548A5 = {
						CreatedOnToolsVersion = 6.4;
					};
				};
			};
			buildConfigurationList = A69BA6CA1BA7553400C548A5 /* Build configuration list for PBXProject "LCHlearnchardway" */;
			compatibilityVersion = "Xcode 3.2";
			developmentRegion = English;
			hasScannedForEncodings = 0;
			knownRegions = (
				en,
			);
			mainGroup = A69BA6C61BA7553400C548A5;
			productRefGroup = A69BA6D01BA7553400C548A5 /* Products */;
			projectDirPath = "";
			projectRoot = "";
			targets = (
				A69BA6CE1BA7553400C548A5 /* LCHlearnchardway */,
			);
		};
/* End PBXProject section */

/* Begin PBXSourcesBuildPhase section */
		A69BA6CB1BA7553400C548A5 /* Sources */ = {
			isa = PBXSourcesBuildPhase;
			buildActionMask = 2147483647;
			files = (
				A624AD401BA88412001371AB /* main.c in Sources */,
				A69BFA0B1BA8ABDB00CF067E /* LCHDataTypesTests.c in Sources */,
			);
			runOnlyForDeploymentPostprocessing = 0;
		};
/* End PBXSourcesBuildPhase section */

/* Begin XCBuildConfiguration section */
		A69BA6D41BA7553400C548A5 /* Debug */ = {
			isa = XCBuildConfiguration;
			buildSettings = {
				ALWAYS_SEARCH_USER_PATHS = NO;
				CLANG_CXX_LANGUAGE_STANDARD = "gnu++0x";
				CLANG_CXX_LIBRARY = "libc++";
				CLANG_ENABLE_MODULES = YES;
				CLANG_ENABLE_OBJC_ARC = YES;
				CLANG_WARN_BOOL_CONVERSION = YES;
				CLANG_WARN_CONSTANT_CONVERSION = YES;
				CLANG_WARN_DIRECT_OBJC_ISA_USAGE = YES_ERROR;
				CLANG_WARN_EMPTY_BODY = YES;
				CLANG_WARN_ENUM_CONVERSION = YES;
				CLANG_WARN_INT_CONVERSION = YES;
				CLANG_WARN_OBJC_ROOT_CLASS = YES_ERROR;
				CLANG_WARN_UNREACHABLE_CODE = YES;
				CLANG_WARN__DUPLICATE_METHOD_MATCH = YES;
				COPY_PHASE_STRIP = NO;
				DEBUG_INFORMATION_FORMAT = dwarf;
				ENABLE_STRICT_OBJC_MSGSEND = YES;
				GCC_C_LANGUAGE_STANDARD = gnu99;
				GCC_DYNAMIC_NO_PIC = NO;
				GCC_NO_COMMON_BLOCKS = YES;
				GCC_OPTIMIZATION_LEVEL = 0;
				GCC_PREPROCESSOR_DEFINITIONS = (
					"DEBUG=1",
					"$(inherited)",
				);
				GCC_SYMBOLS_PRIVATE_EXTERN = NO;
				GCC_WARN_64_TO_32_BIT_CONVERSION = YES;
				GCC_WARN_ABOUT_RETURN_TYPE = YES_ERROR;
				GCC_WARN_UNDECLARED_SELECTOR = YES;
				GCC_WARN_UNINITIALIZED_AUTOS = YES_AGGRESSIVE;
				GCC_WARN_UNUSED_FUNCTION = YES;
				GCC_WARN_UNUSED_VARIABLE = YES;
				MACOSX_DEPLOYMENT_TARGET = 10.11;
				MTL_ENABLE_DEBUG_INFO = YES;
				ONLY_ACTIVE_ARCH = YES;
				SDKROOT = macosx;
			};
			name = Debug;
		};
		A69BA6D51BA7553400C548A5 /* Release */ = {
			isa = XCBuildConfiguration;
			buildSettings = {
				ALWAYS_SEARCH_USER_PATHS = NO;
				CLANG_CXX_LANGUAGE_STANDARD = "gnu++0x";
				CLANG_CXX_LIBRARY = "libc++";
				CLANG_ENABLE_MODULES = YES;
				CLANG_ENABLE_OBJC_ARC = YES;
				CLANG_WARN_BOOL_CONVERSION = YES;
				CLANG_WARN_CONSTANT_CONVERSION = YES;
				CLANG_WARN_DIRECT_OBJC_ISA_USAGE = YES_ERROR;
				CLANG_WARN_EMPTY_BODY = YES;
				CLANG_WARN_ENUM_CONVERSION = YES;
				CLANG_WARN_INT_CONVERSION = YES;
				CLANG_WARN_OBJC_ROOT_CLASS = YES_ERROR;
				CLANG_WARN_UNREACHABLE_CODE = YES;
				CLANG_WARN__DUPLICATE_METHOD_MATCH = YES;
				COPY_PHASE_STRIP = NO;
				DEBUG_INFORMATION_FORMAT = "dwarf-with-dsym";
				ENABLE_NS_ASSERTIONS = NO;
				ENABLE_STRICT_OBJC_MSGSEND = YES;
				GCC_C_LANGUAGE_STANDARD = gnu99;
				GCC_NO_COMMON_BLOCKS = YES;
				GCC_WARN_64_TO_32_BIT_CONVERSION = YES;
				GCC_WARN_ABOUT_RETURN_TYPE = YES_ERROR;
				GCC_WARN_UNDECLARED_SELECTOR = YES;
				GCC_WARN_UNINITIALIZED_AUTOS = YES_AGGRESSIVE;
				GCC_WARN_UNUSED_FUNCTION = YES;
				GCC_WARN_UNUSED_VARIABLE = YES;
				MACOSX_DEPLOYMENT_TARGET = 10.11;
				MTL_ENABLE_DEBUG_INFO = NO;
				SDKROOT = macosx;
			};
			name = Release;
		};
		A69BA6D71BA7553400C548A5 /* Debug */ = {
			isa = XCBuildConfiguration;
			buildSettings = {
				MACOSX_DEPLOYMENT_TARGET = 10.10;
				PRODUCT_NAME = "$(TARGET_NAME)";
			};
			name = Debug;
		};
		A69BA6D81BA7553400C548A5 /* Release */ = {
			isa = XCBuildConfiguration;
			buildSettings = {
				MACOSX_DEPLOYMENT_TARGET = 10.10;
				PRODUCT_NAME = "$(TARGET_NAME)";
			};
			name = Release;
		};
/* End XCBuildConfiguration section */

/* Begin XCConfigurationList section */
		A69BA6CA1BA7553400C548A5 /* Build configuration list for PBXProject "LCHlearnchardway" */ = {
			isa = XCConfigurationList;
			buildConfigurations = (
				A69BA6D41BA7553400C548A5 /* Debug */,
				A69BA6D51BA7553400C548A5 /* Release */,
			);
			defaultConfigurationIsVisible = 0;
			defaultConfigurationName = Release;
		};
		A69BA6D61BA7553400C548A5 /* Build configuration list for PBXNativeTarget "LCHlearnchardway" */ = {
			isa = XCConfigurationList;
			buildConfigurations = (
				A69BA6D71BA7553400C548A5 /* Debug */,
				A69BA6D81BA7553400C548A5 /* Release */,
			);
			defaultConfigurationIsVisible = 0;
			defaultConfigurationName = Release;
		};
/* End XCConfigurationList section */
	};
	rootObject = A69BA6C71BA7553400C548A5 /* Project object */;
}
