// !$*UTF8*$!
{
	archiveVersion = 1;
	classes = {
	};
	objectVersion = 46;
	objects = {

/* Begin PBXBuildFile section */
		A602CCF11BB70D69004946B3 /* LCHPrintValueOfDataTests.c in Sources */ = {isa = PBXBuildFile; fileRef = A602CCEF1BB70D69004946B3 /* LCHPrintValueOfDataTests.c */; settings = {ASSET_TAGS = (); }; };
		A602CCFB1BB73013004946B3 /* LCHPerformStructuresTests.c in Sources */ = {isa = PBXBuildFile; fileRef = A602CCF91BB73013004946B3 /* LCHPerformStructuresTests.c */; settings = {ASSET_TAGS = (); }; };
		A642C8A91BB43BDE00013A88 /* LCHPrintBytesOfValue.c in Sources */ = {isa = PBXBuildFile; fileRef = A642C8A71BB43BDE00013A88 /* LCHPrintBytesOfValue.c */; settings = {ASSET_TAGS = (); }; };
		A642C8AD1BB6F61700013A88 /* LCHPrintBytesOfValueTests.c in Sources */ = {isa = PBXBuildFile; fileRef = A642C8AB1BB6F61700013A88 /* LCHPrintBytesOfValueTests.c */; settings = {ASSET_TAGS = (); }; };
		A65AC45C1BAD8EE500244B08 /* LCHPerformParentType.c in Sources */ = {isa = PBXBuildFile; fileRef = A65AC4521BAD8EE500244B08 /* LCHPerformParentType.c */; settings = {ASSET_TAGS = (); }; };
		A65AC45D1BAD8EE500244B08 /* main.c in Sources */ = {isa = PBXBuildFile; fileRef = A65AC4541BAD8EE500244B08 /* main.c */; settings = {ASSET_TAGS = (); }; };
		A65AC45F1BAD8EE500244B08 /* LCHPerformParentTypeTests.c in Sources */ = {isa = PBXBuildFile; fileRef = A65AC45A1BAD8EE500244B08 /* LCHPerformParentTypeTests.c */; settings = {ASSET_TAGS = (); }; };
		A6BA2A4B1BBDCDE10061F2A9 /* LCHHumanObject.c in Sources */ = {isa = PBXBuildFile; fileRef = A6BA2A491BBDCDE10061F2A9 /* LCHHumanObject.c */; settings = {ASSET_TAGS = (); }; };
		A6BA2A4F1BBDCED60061F2A9 /* LCHHumanObjectTests.c in Sources */ = {isa = PBXBuildFile; fileRef = A6BA2A4D1BBDCED60061F2A9 /* LCHHumanObjectTests.c */; settings = {ASSET_TAGS = (); }; };
		A6FCD3EA1BBAA23100454D21 /* LCHPrintSizeOfDataTypeTests.c in Sources */ = {isa = PBXBuildFile; fileRef = A6FCD3E81BBAA23100454D21 /* LCHPrintSizeOfDataTypeTests.c */; settings = {ASSET_TAGS = (); }; };
/* End PBXBuildFile section */

/* Begin PBXCopyFilesBuildPhase section */
		A63D36871BA9809E00A68CF9 /* CopyFiles */ = {
			isa = PBXCopyFilesBuildPhase;
			buildActionMask = 2147483647;
			dstPath = /usr/share/man/man1/;
			dstSubfolderSpec = 0;
			files = (
			);
			runOnlyForDeploymentPostprocessing = 1;
		};
/* End PBXCopyFilesBuildPhase section */

/* Begin PBXFileReference section */
		A602CCEF1BB70D69004946B3 /* LCHPrintValueOfDataTests.c */ = {isa = PBXFileReference; fileEncoding = 4; lastKnownFileType = sourcecode.c.c; path = LCHPrintValueOfDataTests.c; sourceTree = "<group>"; };
		A602CCF01BB70D69004946B3 /* LCHPrintValueOfDataTests.h */ = {isa = PBXFileReference; fileEncoding = 4; lastKnownFileType = sourcecode.c.h; path = LCHPrintValueOfDataTests.h; sourceTree = "<group>"; };
		A602CCF31BB70EC6004946B3 /* LCHPrintValueOfData.h */ = {isa = PBXFileReference; fileEncoding = 4; lastKnownFileType = sourcecode.c.h; path = LCHPrintValueOfData.h; sourceTree = "<group>"; };
		A602CCF91BB73013004946B3 /* LCHPerformStructuresTests.c */ = {isa = PBXFileReference; fileEncoding = 4; lastKnownFileType = sourcecode.c.c; path = LCHPerformStructuresTests.c; sourceTree = "<group>"; };
		A602CCFA1BB73013004946B3 /* LCHPerformStructuresTests.h */ = {isa = PBXFileReference; fileEncoding = 4; lastKnownFileType = sourcecode.c.h; path = LCHPerformStructuresTests.h; sourceTree = "<group>"; };
		A636F9171BBC0AE000FDE577 /* LCHPerformStructures.h */ = {isa = PBXFileReference; fileEncoding = 4; lastKnownFileType = sourcecode.c.h; path = LCHPerformStructures.h; sourceTree = "<group>"; };
		A63D36891BA9809E00A68CF9 /* LCHLearnchardway */ = {isa = PBXFileReference; explicitFileType = "compiled.mach-o.executable"; includeInIndex = 0; path = LCHLearnchardway; sourceTree = BUILT_PRODUCTS_DIR; };
		A642C8A71BB43BDE00013A88 /* LCHPrintBytesOfValue.c */ = {isa = PBXFileReference; fileEncoding = 4; lastKnownFileType = sourcecode.c.c; path = LCHPrintBytesOfValue.c; sourceTree = "<group>"; };
		A642C8A81BB43BDE00013A88 /* LCHPrintBytesOfValue.h */ = {isa = PBXFileReference; fileEncoding = 4; lastKnownFileType = sourcecode.c.h; path = LCHPrintBytesOfValue.h; sourceTree = "<group>"; };
		A642C8AB1BB6F61700013A88 /* LCHPrintBytesOfValueTests.c */ = {isa = PBXFileReference; fileEncoding = 4; lastKnownFileType = sourcecode.c.c; path = LCHPrintBytesOfValueTests.c; sourceTree = "<group>"; };
		A642C8AC1BB6F61700013A88 /* LCHPrintBytesOfValueTests.h */ = {isa = PBXFileReference; fileEncoding = 4; lastKnownFileType = sourcecode.c.h; path = LCHPrintBytesOfValueTests.h; sourceTree = "<group>"; };
		A65AC4521BAD8EE500244B08 /* LCHPerformParentType.c */ = {isa = PBXFileReference; fileEncoding = 4; lastKnownFileType = sourcecode.c.c; path = LCHPerformParentType.c; sourceTree = "<group>"; };
		A65AC4531BAD8EE500244B08 /* LCHPerformParentType.h */ = {isa = PBXFileReference; fileEncoding = 4; lastKnownFileType = sourcecode.c.h; path = LCHPerformParentType.h; sourceTree = "<group>"; };
		A65AC4541BAD8EE500244B08 /* main.c */ = {isa = PBXFileReference; fileEncoding = 4; lastKnownFileType = sourcecode.c.c; path = main.c; sourceTree = "<group>"; };
		A65AC45A1BAD8EE500244B08 /* LCHPerformParentTypeTests.c */ = {isa = PBXFileReference; fileEncoding = 4; lastKnownFileType = sourcecode.c.c; path = LCHPerformParentTypeTests.c; sourceTree = "<group>"; };
		A65AC45B1BAD8EE500244B08 /* LCHPerformParentTypeTests.h */ = {isa = PBXFileReference; fileEncoding = 4; lastKnownFileType = sourcecode.c.h; path = LCHPerformParentTypeTests.h; sourceTree = "<group>"; };
		A6BA2A491BBDCDE10061F2A9 /* LCHHumanObject.c */ = {isa = PBXFileReference; fileEncoding = 4; lastKnownFileType = sourcecode.c.c; path = LCHHumanObject.c; sourceTree = "<group>"; };
		A6BA2A4A1BBDCDE10061F2A9 /* LCHHumanObject.h */ = {isa = PBXFileReference; fileEncoding = 4; lastKnownFileType = sourcecode.c.h; path = LCHHumanObject.h; sourceTree = "<group>"; };
		A6BA2A4D1BBDCED60061F2A9 /* LCHHumanObjectTests.c */ = {isa = PBXFileReference; fileEncoding = 4; lastKnownFileType = sourcecode.c.c; path = LCHHumanObjectTests.c; sourceTree = "<group>"; };
		A6BA2A4E1BBDCED60061F2A9 /* LCHHumanObjectTests.h */ = {isa = PBXFileReference; fileEncoding = 4; lastKnownFileType = sourcecode.c.h; path = LCHHumanObjectTests.h; sourceTree = "<group>"; };
		A6FCD3E61BBAA1AF00454D21 /* LCHPrintSizeOfDataType.h */ = {isa = PBXFileReference; fileEncoding = 4; lastKnownFileType = sourcecode.c.h; path = LCHPrintSizeOfDataType.h; sourceTree = "<group>"; };
		A6FCD3E81BBAA23100454D21 /* LCHPrintSizeOfDataTypeTests.c */ = {isa = PBXFileReference; fileEncoding = 4; lastKnownFileType = sourcecode.c.c; path = LCHPrintSizeOfDataTypeTests.c; sourceTree = "<group>"; };
		A6FCD3E91BBAA23100454D21 /* LCHPrintSizeOfDataTypeTests.h */ = {isa = PBXFileReference; fileEncoding = 4; lastKnownFileType = sourcecode.c.h; path = LCHPrintSizeOfDataTypeTests.h; sourceTree = "<group>"; };
/* End PBXFileReference section */

/* Begin PBXFrameworksBuildPhase section */
		A63D36861BA9809E00A68CF9 /* Frameworks */ = {
			isa = PBXFrameworksBuildPhase;
			buildActionMask = 2147483647;
			files = (
			);
			runOnlyForDeploymentPostprocessing = 0;
		};
/* End PBXFrameworksBuildPhase section */

/* Begin PBXGroup section */
		A602CCEB1BB70C65004946B3 /* LCHPrintValueOfDataTests */ = {
			isa = PBXGroup;
			children = (
				A602CCF01BB70D69004946B3 /* LCHPrintValueOfDataTests.h */,
				A602CCEF1BB70D69004946B3 /* LCHPrintValueOfDataTests.c */,
			);
			path = LCHPrintValueOfDataTests;
			sourceTree = "<group>";
		};
		A602CCF21BB70E97004946B3 /* LCHPrintValueOfData */ = {
			isa = PBXGroup;
			children = (
				A602CCF31BB70EC6004946B3 /* LCHPrintValueOfData.h */,
			);
			path = LCHPrintValueOfData;
			sourceTree = "<group>";
		};
		A602CCF81BB72FA4004946B3 /* LCHPerformStructuresTests */ = {
			isa = PBXGroup;
			children = (
				A602CCFA1BB73013004946B3 /* LCHPerformStructuresTests.h */,
				A602CCF91BB73013004946B3 /* LCHPerformStructuresTests.c */,
			);
			path = LCHPerformStructuresTests;
			sourceTree = "<group>";
		};
		A636F9151BBC0A8800FDE577 /* LCHPerformStructures */ = {
			isa = PBXGroup;
			children = (
				A636F9171BBC0AE000FDE577 /* LCHPerformStructures.h */,
			);
			path = LCHPerformStructures;
			sourceTree = "<group>";
		};
		A63D36801BA9809E00A68CF9 = {
			isa = PBXGroup;
			children = (
				A63D368A1BA9809E00A68CF9 /* Products */,
				A65AC44E1BAD8EE500244B08 /* Sources */,
				A65AC4551BAD8EE500244B08 /* Tests */,
			);
			sourceTree = "<group>";
		};
		A63D368A1BA9809E00A68CF9 /* Products */ = {
			isa = PBXGroup;
			children = (
				A63D36891BA9809E00A68CF9 /* LCHLearnchardway */,
			);
			path = Products;
			sourceTree = "<group>";
		};
		A642C8A61BB43B8A00013A88 /* LCHPrintBytesOfValue */ = {
			isa = PBXGroup;
			children = (
				A642C8A81BB43BDE00013A88 /* LCHPrintBytesOfValue.h */,
				A642C8A71BB43BDE00013A88 /* LCHPrintBytesOfValue.c */,
			);
			path = LCHPrintBytesOfValue;
			sourceTree = "<group>";
		};
		A642C8AA1BB6F5E600013A88 /* LCHPrintBytesOfValueTests */ = {
			isa = PBXGroup;
			children = (
				A642C8AC1BB6F61700013A88 /* LCHPrintBytesOfValueTests.h */,
				A642C8AB1BB6F61700013A88 /* LCHPrintBytesOfValueTests.c */,
			);
			path = LCHPrintBytesOfValueTests;
			sourceTree = "<group>";
		};
		A65AC44E1BAD8EE500244B08 /* Sources */ = {
			isa = PBXGroup;
			children = (
				A6FCD3E51BBAA15000454D21 /* LCHPrintSizeOfDataType */,
				A65AC4511BAD8EE500244B08 /* LCHPerformParentType */,
				A602CCF21BB70E97004946B3 /* LCHPrintValueOfData */,
				A636F9151BBC0A8800FDE577 /* LCHPerformStructures */,
				A642C8A61BB43B8A00013A88 /* LCHPrintBytesOfValue */,
				A6BA2A481BBDCDA70061F2A9 /* LCHHumanObject */,
				A65AC4541BAD8EE500244B08 /* main.c */,
			);
			path = Sources;
			sourceTree = "<group>";
		};
		A65AC4511BAD8EE500244B08 /* LCHPerformParentType */ = {
			isa = PBXGroup;
			children = (
				A65AC4531BAD8EE500244B08 /* LCHPerformParentType.h */,
				A65AC4521BAD8EE500244B08 /* LCHPerformParentType.c */,
			);
			path = LCHPerformParentType;
			sourceTree = "<group>";
		};
		A65AC4551BAD8EE500244B08 /* Tests */ = {
			isa = PBXGroup;
			children = (
				A6FCD3E71BBAA1FF00454D21 /* LCHPrintSizeOfDataTypeTests */,
				A65AC4591BAD8EE500244B08 /* LCHPerformParentTypeTests */,
				A602CCEB1BB70C65004946B3 /* LCHPrintValueOfDataTests */,
				A602CCF81BB72FA4004946B3 /* LCHPerformStructuresTests */,
				A642C8AA1BB6F5E600013A88 /* LCHPrintBytesOfValueTests */,
				A6BA2A4C1BBDCE5C0061F2A9 /* LCHHumanObjectTests */,
			);
			path = Tests;
			sourceTree = "<group>";
		};
		A65AC4591BAD8EE500244B08 /* LCHPerformParentTypeTests */ = {
			isa = PBXGroup;
			children = (
				A65AC45B1BAD8EE500244B08 /* LCHPerformParentTypeTests.h */,
				A65AC45A1BAD8EE500244B08 /* LCHPerformParentTypeTests.c */,
			);
			path = LCHPerformParentTypeTests;
			sourceTree = "<group>";
		};
		A6BA2A481BBDCDA70061F2A9 /* LCHHumanObject */ = {
			isa = PBXGroup;
			children = (
				A6BA2A4A1BBDCDE10061F2A9 /* LCHHumanObject.h */,
				A6BA2A491BBDCDE10061F2A9 /* LCHHumanObject.c */,
			);
			path = LCHHumanObject;
			sourceTree = "<group>";
		};
		A6BA2A4C1BBDCE5C0061F2A9 /* LCHHumanObjectTests */ = {
			isa = PBXGroup;
			children = (
				A6BA2A4E1BBDCED60061F2A9 /* LCHHumanObjectTests.h */,
				A6BA2A4D1BBDCED60061F2A9 /* LCHHumanObjectTests.c */,
			);
			path = LCHHumanObjectTests;
			sourceTree = "<group>";
		};
		A6FCD3E51BBAA15000454D21 /* LCHPrintSizeOfDataType */ = {
			isa = PBXGroup;
			children = (
				A6FCD3E61BBAA1AF00454D21 /* LCHPrintSizeOfDataType.h */,
			);
			path = LCHPrintSizeOfDataType;
			sourceTree = "<group>";
		};
		A6FCD3E71BBAA1FF00454D21 /* LCHPrintSizeOfDataTypeTests */ = {
			isa = PBXGroup;
			children = (
				A6FCD3E91BBAA23100454D21 /* LCHPrintSizeOfDataTypeTests.h */,
				A6FCD3E81BBAA23100454D21 /* LCHPrintSizeOfDataTypeTests.c */,
			);
			path = LCHPrintSizeOfDataTypeTests;
			sourceTree = "<group>";
		};
/* End PBXGroup section */

/* Begin PBXNativeTarget section */
		A63D36881BA9809E00A68CF9 /* LCHLearnchardway */ = {
			isa = PBXNativeTarget;
			buildConfigurationList = A63D36901BA9809E00A68CF9 /* Build configuration list for PBXNativeTarget "LCHLearnchardway" */;
			buildPhases = (
				A63D36851BA9809E00A68CF9 /* Sources */,
				A63D36861BA9809E00A68CF9 /* Frameworks */,
				A63D36871BA9809E00A68CF9 /* CopyFiles */,
			);
			buildRules = (
			);
			dependencies = (
			);
			name = LCHLearnchardway;
			productName = LCHLearnchardway;
			productReference = A63D36891BA9809E00A68CF9 /* LCHLearnchardway */;
			productType = "com.apple.product-type.tool";
		};
/* End PBXNativeTarget section */

/* Begin PBXProject section */
		A63D36811BA9809E00A68CF9 /* Project object */ = {
			isa = PBXProject;
			attributes = {
				LastUpgradeCheck = 0700;
				ORGANIZATIONNAME = "ILYA Toka";
				TargetAttributes = {
					A63D36881BA9809E00A68CF9 = {
						CreatedOnToolsVersion = 6.4;
					};
				};
			};
			buildConfigurationList = A63D36841BA9809E00A68CF9 /* Build configuration list for PBXProject "LCHLearnchardway" */;
			compatibilityVersion = "Xcode 3.2";
			developmentRegion = English;
			hasScannedForEncodings = 0;
			knownRegions = (
				en,
			);
			mainGroup = A63D36801BA9809E00A68CF9;
			productRefGroup = A63D368A1BA9809E00A68CF9 /* Products */;
			projectDirPath = "";
			projectRoot = "";
			targets = (
				A63D36881BA9809E00A68CF9 /* LCHLearnchardway */,
			);
		};
/* End PBXProject section */

/* Begin PBXSourcesBuildPhase section */
		A63D36851BA9809E00A68CF9 /* Sources */ = {
			isa = PBXSourcesBuildPhase;
			buildActionMask = 2147483647;
			files = (
				A6FCD3EA1BBAA23100454D21 /* LCHPrintSizeOfDataTypeTests.c in Sources */,
				A642C8A91BB43BDE00013A88 /* LCHPrintBytesOfValue.c in Sources */,
				A642C8AD1BB6F61700013A88 /* LCHPrintBytesOfValueTests.c in Sources */,
				A65AC45F1BAD8EE500244B08 /* LCHPerformParentTypeTests.c in Sources */,
				A602CCFB1BB73013004946B3 /* LCHPerformStructuresTests.c in Sources */,
				A6BA2A4B1BBDCDE10061F2A9 /* LCHHumanObject.c in Sources */,
				A6BA2A4F1BBDCED60061F2A9 /* LCHHumanObjectTests.c in Sources */,
				A65AC45D1BAD8EE500244B08 /* main.c in Sources */,
				A602CCF11BB70D69004946B3 /* LCHPrintValueOfDataTests.c in Sources */,
				A65AC45C1BAD8EE500244B08 /* LCHPerformParentType.c in Sources */,
			);
			runOnlyForDeploymentPostprocessing = 0;
		};
/* End PBXSourcesBuildPhase section */

/* Begin XCBuildConfiguration section */
		A63D368E1BA9809E00A68CF9 /* Debug */ = {
			isa = XCBuildConfiguration;
			buildSettings = {
				ALWAYS_SEARCH_USER_PATHS = NO;
				CLANG_CXX_LANGUAGE_STANDARD = "gnu++0x";
				CLANG_CXX_LIBRARY = "libc++";
				CLANG_ENABLE_MODULES = YES;
				CLANG_ENABLE_OBJC_ARC = YES;
				CLANG_WARN_BOOL_CONVERSION = YES;
				CLANG_WARN_CONSTANT_CONVERSION = YES;
				CLANG_WARN_DIRECT_OBJC_ISA_USAGE = YES_ERROR;
				CLANG_WARN_EMPTY_BODY = YES;
				CLANG_WARN_ENUM_CONVERSION = YES;
				CLANG_WARN_INT_CONVERSION = YES;
				CLANG_WARN_OBJC_ROOT_CLASS = YES_ERROR;
				CLANG_WARN_UNREACHABLE_CODE = YES;
				CLANG_WARN__DUPLICATE_METHOD_MATCH = YES;
				COPY_PHASE_STRIP = NO;
				DEBUG_INFORMATION_FORMAT = dwarf;
				ENABLE_STRICT_OBJC_MSGSEND = YES;
				ENABLE_TESTABILITY = YES;
				GCC_C_LANGUAGE_STANDARD = gnu99;
				GCC_DYNAMIC_NO_PIC = NO;
				GCC_NO_COMMON_BLOCKS = YES;
				GCC_OPTIMIZATION_LEVEL = 0;
				GCC_PREPROCESSOR_DEFINITIONS = (
					"DEBUG=1",
					"$(inherited)",
				);
				GCC_SYMBOLS_PRIVATE_EXTERN = NO;
				GCC_WARN_64_TO_32_BIT_CONVERSION = YES;
				GCC_WARN_ABOUT_RETURN_TYPE = YES_ERROR;
				GCC_WARN_UNDECLARED_SELECTOR = YES;
				GCC_WARN_UNINITIALIZED_AUTOS = YES_AGGRESSIVE;
				GCC_WARN_UNUSED_FUNCTION = YES;
				GCC_WARN_UNUSED_VARIABLE = YES;
				MACOSX_DEPLOYMENT_TARGET = 10.11;
				MTL_ENABLE_DEBUG_INFO = YES;
				ONLY_ACTIVE_ARCH = YES;
				SDKROOT = macosx;
			};
			name = Debug;
		};
		A63D368F1BA9809E00A68CF9 /* Release */ = {
			isa = XCBuildConfiguration;
			buildSettings = {
				ALWAYS_SEARCH_USER_PATHS = NO;
				CLANG_CXX_LANGUAGE_STANDARD = "gnu++0x";
				CLANG_CXX_LIBRARY = "libc++";
				CLANG_ENABLE_MODULES = YES;
				CLANG_ENABLE_OBJC_ARC = YES;
				CLANG_WARN_BOOL_CONVERSION = YES;
				CLANG_WARN_CONSTANT_CONVERSION = YES;
				CLANG_WARN_DIRECT_OBJC_ISA_USAGE = YES_ERROR;
				CLANG_WARN_EMPTY_BODY = YES;
				CLANG_WARN_ENUM_CONVERSION = YES;
				CLANG_WARN_INT_CONVERSION = YES;
				CLANG_WARN_OBJC_ROOT_CLASS = YES_ERROR;
				CLANG_WARN_UNREACHABLE_CODE = YES;
				CLANG_WARN__DUPLICATE_METHOD_MATCH = YES;
				COPY_PHASE_STRIP = NO;
				DEBUG_INFORMATION_FORMAT = "dwarf-with-dsym";
				ENABLE_NS_ASSERTIONS = NO;
				ENABLE_STRICT_OBJC_MSGSEND = YES;
				GCC_C_LANGUAGE_STANDARD = gnu99;
				GCC_NO_COMMON_BLOCKS = YES;
				GCC_WARN_64_TO_32_BIT_CONVERSION = YES;
				GCC_WARN_ABOUT_RETURN_TYPE = YES_ERROR;
				GCC_WARN_UNDECLARED_SELECTOR = YES;
				GCC_WARN_UNINITIALIZED_AUTOS = YES_AGGRESSIVE;
				GCC_WARN_UNUSED_FUNCTION = YES;
				GCC_WARN_UNUSED_VARIABLE = YES;
				MACOSX_DEPLOYMENT_TARGET = 10.11;
				MTL_ENABLE_DEBUG_INFO = NO;
				SDKROOT = macosx;
			};
			name = Release;
		};
		A63D36911BA9809E00A68CF9 /* Debug */ = {
			isa = XCBuildConfiguration;
			buildSettings = {
				MACOSX_DEPLOYMENT_TARGET = 10.10;
				PRODUCT_NAME = "$(TARGET_NAME)";
			};
			name = Debug;
		};
		A63D36921BA9809E00A68CF9 /* Release */ = {
			isa = XCBuildConfiguration;
			buildSettings = {
				MACOSX_DEPLOYMENT_TARGET = 10.10;
				PRODUCT_NAME = "$(TARGET_NAME)";
			};
			name = Release;
		};
/* End XCBuildConfiguration section */

/* Begin XCConfigurationList section */
		A63D36841BA9809E00A68CF9 /* Build configuration list for PBXProject "LCHLearnchardway" */ = {
			isa = XCConfigurationList;
			buildConfigurations = (
				A63D368E1BA9809E00A68CF9 /* Debug */,
				A63D368F1BA9809E00A68CF9 /* Release */,
			);
			defaultConfigurationIsVisible = 0;
			defaultConfigurationName = Release;
		};
		A63D36901BA9809E00A68CF9 /* Build configuration list for PBXNativeTarget "LCHLearnchardway" */ = {
			isa = XCConfigurationList;
			buildConfigurations = (
				A63D36911BA9809E00A68CF9 /* Debug */,
				A63D36921BA9809E00A68CF9 /* Release */,
			);
			defaultConfigurationIsVisible = 0;
			defaultConfigurationName = Release;
		};
/* End XCConfigurationList section */
	};
	rootObject = A63D36811BA9809E00A68CF9 /* Project object */;
}
