// !$*UTF8*$!
{
	archiveVersion = 1;
	classes = {
	};
	objectVersion = 46;
	objects = {

/* Begin PBXBuildFile section */
		A6394E8F1BB16D7500A28954 /* LCHDataValueTests.c in Sources */ = {isa = PBXBuildFile; fileRef = A6394E8D1BB16D7500A28954 /* LCHDataValueTests.c */; settings = {ASSET_TAGS = (); }; };
		A65AC45C1BAD8EE500244B08 /* LCHPerformParentType.c in Sources */ = {isa = PBXBuildFile; fileRef = A65AC4521BAD8EE500244B08 /* LCHPerformParentType.c */; settings = {ASSET_TAGS = (); }; };
		A65AC45D1BAD8EE500244B08 /* main.c in Sources */ = {isa = PBXBuildFile; fileRef = A65AC4541BAD8EE500244B08 /* main.c */; settings = {ASSET_TAGS = (); }; };
		A65AC45E1BAD8EE500244B08 /* LCHDataTypeTests.c in Sources */ = {isa = PBXBuildFile; fileRef = A65AC4571BAD8EE500244B08 /* LCHDataTypeTests.c */; settings = {ASSET_TAGS = (); }; };
		A65AC45F1BAD8EE500244B08 /* LCHPerformParentTypeTests.c in Sources */ = {isa = PBXBuildFile; fileRef = A65AC45A1BAD8EE500244B08 /* LCHPerformParentTypeTests.c */; settings = {ASSET_TAGS = (); }; };
/* End PBXBuildFile section */

/* Begin PBXCopyFilesBuildPhase section */
		A63D36871BA9809E00A68CF9 /* CopyFiles */ = {
			isa = PBXCopyFilesBuildPhase;
			buildActionMask = 2147483647;
			dstPath = /usr/share/man/man1/;
			dstSubfolderSpec = 0;
			files = (
			);
			runOnlyForDeploymentPostprocessing = 1;
		};
/* End PBXCopyFilesBuildPhase section */

/* Begin PBXFileReference section */
		A6394E8D1BB16D7500A28954 /* LCHDataValueTests.c */ = {isa = PBXFileReference; fileEncoding = 4; lastKnownFileType = sourcecode.c.c; name = LCHDataValueTests.c; path = LCHDataValueTests/LCHDataValueTests.c; sourceTree = "<group>"; };
		A6394E8E1BB16D7500A28954 /* LCHDataValueTests.h */ = {isa = PBXFileReference; fileEncoding = 4; lastKnownFileType = sourcecode.c.h; name = LCHDataValueTests.h; path = LCHDataValueTests/LCHDataValueTests.h; sourceTree = "<group>"; };
		A6394E901BB16DBD00A28954 /* LCHDataValue.h */ = {isa = PBXFileReference; fileEncoding = 4; lastKnownFileType = sourcecode.c.h; path = LCHDataValue.h; sourceTree = "<group>"; };
		A63D36891BA9809E00A68CF9 /* LCHLearnchardway */ = {isa = PBXFileReference; explicitFileType = "compiled.mach-o.executable"; includeInIndex = 0; path = LCHLearnchardway; sourceTree = BUILT_PRODUCTS_DIR; };
		A65AC4501BAD8EE500244B08 /* LCHDataType.h */ = {isa = PBXFileReference; fileEncoding = 4; lastKnownFileType = sourcecode.c.h; path = LCHDataType.h; sourceTree = "<group>"; };
		A65AC4521BAD8EE500244B08 /* LCHPerformParentType.c */ = {isa = PBXFileReference; fileEncoding = 4; lastKnownFileType = sourcecode.c.c; path = LCHPerformParentType.c; sourceTree = "<group>"; };
		A65AC4531BAD8EE500244B08 /* LCHPerformParentType.h */ = {isa = PBXFileReference; fileEncoding = 4; lastKnownFileType = sourcecode.c.h; path = LCHPerformParentType.h; sourceTree = "<group>"; };
		A65AC4541BAD8EE500244B08 /* main.c */ = {isa = PBXFileReference; fileEncoding = 4; lastKnownFileType = sourcecode.c.c; path = main.c; sourceTree = "<group>"; };
		A65AC4571BAD8EE500244B08 /* LCHDataTypeTests.c */ = {isa = PBXFileReference; fileEncoding = 4; lastKnownFileType = sourcecode.c.c; path = LCHDataTypeTests.c; sourceTree = "<group>"; };
		A65AC4581BAD8EE500244B08 /* LCHDataTypeTests.h */ = {isa = PBXFileReference; fileEncoding = 4; lastKnownFileType = sourcecode.c.h; path = LCHDataTypeTests.h; sourceTree = "<group>"; };
		A65AC45A1BAD8EE500244B08 /* LCHPerformParentTypeTests.c */ = {isa = PBXFileReference; fileEncoding = 4; lastKnownFileType = sourcecode.c.c; path = LCHPerformParentTypeTests.c; sourceTree = "<group>"; };
		A65AC45B1BAD8EE500244B08 /* LCHPerformParentTypeTests.h */ = {isa = PBXFileReference; fileEncoding = 4; lastKnownFileType = sourcecode.c.h; path = LCHPerformParentTypeTests.h; sourceTree = "<group>"; };
/* End PBXFileReference section */

/* Begin PBXFrameworksBuildPhase section */
		A63D36861BA9809E00A68CF9 /* Frameworks */ = {
			isa = PBXFrameworksBuildPhase;
			buildActionMask = 2147483647;
			files = (
			);
			runOnlyForDeploymentPostprocessing = 0;
		};
/* End PBXFrameworksBuildPhase section */

/* Begin PBXGroup section */
		A6394E8C1BB16D3B00A28954 /* LCHDataValueTests */ = {
			isa = PBXGroup;
			children = (
				A6394E8E1BB16D7500A28954 /* LCHDataValueTests.h */,
				A6394E8D1BB16D7500A28954 /* LCHDataValueTests.c */,
			);
			name = LCHDataValueTests;
			sourceTree = "<group>";
		};
		A63D36801BA9809E00A68CF9 = {
			isa = PBXGroup;
			children = (
				A63D368A1BA9809E00A68CF9 /* Products */,
				A65AC44E1BAD8EE500244B08 /* Sources */,
				A65AC4551BAD8EE500244B08 /* Tests */,
			);
			sourceTree = "<group>";
		};
		A63D368A1BA9809E00A68CF9 /* Products */ = {
			isa = PBXGroup;
			children = (
				A63D36891BA9809E00A68CF9 /* LCHLearnchardway */,
			);
			path = Products;
			sourceTree = "<group>";
		};
		A65AC44E1BAD8EE500244B08 /* Sources */ = {
			isa = PBXGroup;
			children = (
				A6EB41AE1BB09D2900C24DFB /* LCHDataValue */,
				A65AC44F1BAD8EE500244B08 /* LCHDataType */,
				A65AC4511BAD8EE500244B08 /* LCHPerformParentType */,
				A65AC4541BAD8EE500244B08 /* main.c */,
			);
			path = Sources;
			sourceTree = "<group>";
		};
		A65AC44F1BAD8EE500244B08 /* LCHDataType */ = {
			isa = PBXGroup;
			children = (
				A65AC4501BAD8EE500244B08 /* LCHDataType.h */,
			);
			path = LCHDataType;
			sourceTree = "<group>";
		};
		A65AC4511BAD8EE500244B08 /* LCHPerformParentType */ = {
			isa = PBXGroup;
			children = (
				A65AC4531BAD8EE500244B08 /* LCHPerformParentType.h */,
				A65AC4521BAD8EE500244B08 /* LCHPerformParentType.c */,
			);
			path = LCHPerformParentType;
			sourceTree = "<group>";
		};
		A65AC4551BAD8EE500244B08 /* Tests */ = {
			isa = PBXGroup;
			children = (
				A6394E8C1BB16D3B00A28954 /* LCHDataValueTests */,
				A65AC4561BAD8EE500244B08 /* LCHDataTypeTests */,
				A65AC4591BAD8EE500244B08 /* LCHPerformParentTypeTests */,
			);
			path = Tests;
			sourceTree = "<group>";
		};
		A65AC4561BAD8EE500244B08 /* LCHDataTypeTests */ = {
			isa = PBXGroup;
			children = (
				A65AC4581BAD8EE500244B08 /* LCHDataTypeTests.h */,
				A65AC4571BAD8EE500244B08 /* LCHDataTypeTests.c */,
			);
			path = LCHDataTypeTests;
			sourceTree = "<group>";
		};
		A65AC4591BAD8EE500244B08 /* LCHPerformParentTypeTests */ = {
			isa = PBXGroup;
			children = (
				A65AC45B1BAD8EE500244B08 /* LCHPerformParentTypeTests.h */,
				A65AC45A1BAD8EE500244B08 /* LCHPerformParentTypeTests.c */,
			);
			path = LCHPerformParentTypeTests;
			sourceTree = "<group>";
		};
		A6EB41AE1BB09D2900C24DFB /* LCHDataValue */ = {
			isa = PBXGroup;
			children = (
				A6394E901BB16DBD00A28954 /* LCHDataValue.h */,
			);
			path = LCHDataValue;
			sourceTree = "<group>";
		};
/* End PBXGroup section */

/* Begin PBXNativeTarget section */
		A63D36881BA9809E00A68CF9 /* LCHLearnchardway */ = {
			isa = PBXNativeTarget;
			buildConfigurationList = A63D36901BA9809E00A68CF9 /* Build configuration list for PBXNativeTarget "LCHLearnchardway" */;
			buildPhases = (
				A63D36851BA9809E00A68CF9 /* Sources */,
				A63D36861BA9809E00A68CF9 /* Frameworks */,
				A63D36871BA9809E00A68CF9 /* CopyFiles */,
			);
			buildRules = (
			);
			dependencies = (
			);
			name = LCHLearnchardway;
			productName = LCHLearnchardway;
			productReference = A63D36891BA9809E00A68CF9 /* LCHLearnchardway */;
			productType = "com.apple.product-type.tool";
		};
/* End PBXNativeTarget section */

/* Begin PBXProject section */
		A63D36811BA9809E00A68CF9 /* Project object */ = {
			isa = PBXProject;
			attributes = {
				LastUpgradeCheck = 0700;
				ORGANIZATIONNAME = "ILYA Toka";
				TargetAttributes = {
					A63D36881BA9809E00A68CF9 = {
						CreatedOnToolsVersion = 6.4;
					};
				};
			};
			buildConfigurationList = A63D36841BA9809E00A68CF9 /* Build configuration list for PBXProject "LCHLearnchardway" */;
			compatibilityVersion = "Xcode 3.2";
			developmentRegion = English;
			hasScannedForEncodings = 0;
			knownRegions = (
				en,
			);
			mainGroup = A63D36801BA9809E00A68CF9;
			productRefGroup = A63D368A1BA9809E00A68CF9 /* Products */;
			projectDirPath = "";
			projectRoot = "";
			targets = (
				A63D36881BA9809E00A68CF9 /* LCHLearnchardway */,
			);
		};
/* End PBXProject section */

/* Begin PBXSourcesBuildPhase section */
		A63D36851BA9809E00A68CF9 /* Sources */ = {
			isa = PBXSourcesBuildPhase;
			buildActionMask = 2147483647;
			files = (
				A6394E8F1BB16D7500A28954 /* LCHDataValueTests.c in Sources */,
				A65AC45E1BAD8EE500244B08 /* LCHDataTypeTests.c in Sources */,
				A65AC45F1BAD8EE500244B08 /* LCHPerformParentTypeTests.c in Sources */,
				A65AC45D1BAD8EE500244B08 /* main.c in Sources */,
				A65AC45C1BAD8EE500244B08 /* LCHPerformParentType.c in Sources */,
			);
			runOnlyForDeploymentPostprocessing = 0;
		};
/* End PBXSourcesBuildPhase section */

/* Begin XCBuildConfiguration section */
		A63D368E1BA9809E00A68CF9 /* Debug */ = {
			isa = XCBuildConfiguration;
			buildSettings = {
				ALWAYS_SEARCH_USER_PATHS = NO;
				CLANG_CXX_LANGUAGE_STANDARD = "gnu++0x";
				CLANG_CXX_LIBRARY = "libc++";
				CLANG_ENABLE_MODULES = YES;
				CLANG_ENABLE_OBJC_ARC = YES;
				CLANG_WARN_BOOL_CONVERSION = YES;
				CLANG_WARN_CONSTANT_CONVERSION = YES;
				CLANG_WARN_DIRECT_OBJC_ISA_USAGE = YES_ERROR;
				CLANG_WARN_EMPTY_BODY = YES;
				CLANG_WARN_ENUM_CONVERSION = YES;
				CLANG_WARN_INT_CONVERSION = YES;
				CLANG_WARN_OBJC_ROOT_CLASS = YES_ERROR;
				CLANG_WARN_UNREACHABLE_CODE = YES;
				CLANG_WARN__DUPLICATE_METHOD_MATCH = YES;
				COPY_PHASE_STRIP = NO;
				DEBUG_INFORMATION_FORMAT = dwarf;
				ENABLE_STRICT_OBJC_MSGSEND = YES;
				ENABLE_TESTABILITY = YES;
				GCC_C_LANGUAGE_STANDARD = gnu99;
				GCC_DYNAMIC_NO_PIC = NO;
				GCC_NO_COMMON_BLOCKS = YES;
				GCC_OPTIMIZATION_LEVEL = 0;
				GCC_PREPROCESSOR_DEFINITIONS = (
					"DEBUG=1",
					"$(inherited)",
				);
				GCC_SYMBOLS_PRIVATE_EXTERN = NO;
				GCC_WARN_64_TO_32_BIT_CONVERSION = YES;
				GCC_WARN_ABOUT_RETURN_TYPE = YES_ERROR;
				GCC_WARN_UNDECLARED_SELECTOR = YES;
				GCC_WARN_UNINITIALIZED_AUTOS = YES_AGGRESSIVE;
				GCC_WARN_UNUSED_FUNCTION = YES;
				GCC_WARN_UNUSED_VARIABLE = YES;
				MACOSX_DEPLOYMENT_TARGET = 10.11;
				MTL_ENABLE_DEBUG_INFO = YES;
				ONLY_ACTIVE_ARCH = YES;
				SDKROOT = macosx;
			};
			name = Debug;
		};
		A63D368F1BA9809E00A68CF9 /* Release */ = {
			isa = XCBuildConfiguration;
			buildSettings = {
				ALWAYS_SEARCH_USER_PATHS = NO;
				CLANG_CXX_LANGUAGE_STANDARD = "gnu++0x";
				CLANG_CXX_LIBRARY = "libc++";
				CLANG_ENABLE_MODULES = YES;
				CLANG_ENABLE_OBJC_ARC = YES;
				CLANG_WARN_BOOL_CONVERSION = YES;
				CLANG_WARN_CONSTANT_CONVERSION = YES;
				CLANG_WARN_DIRECT_OBJC_ISA_USAGE = YES_ERROR;
				CLANG_WARN_EMPTY_BODY = YES;
				CLANG_WARN_ENUM_CONVERSION = YES;
				CLANG_WARN_INT_CONVERSION = YES;
				CLANG_WARN_OBJC_ROOT_CLASS = YES_ERROR;
				CLANG_WARN_UNREACHABLE_CODE = YES;
				CLANG_WARN__DUPLICATE_METHOD_MATCH = YES;
				COPY_PHASE_STRIP = NO;
				DEBUG_INFORMATION_FORMAT = "dwarf-with-dsym";
				ENABLE_NS_ASSERTIONS = NO;
				ENABLE_STRICT_OBJC_MSGSEND = YES;
				GCC_C_LANGUAGE_STANDARD = gnu99;
				GCC_NO_COMMON_BLOCKS = YES;
				GCC_WARN_64_TO_32_BIT_CONVERSION = YES;
				GCC_WARN_ABOUT_RETURN_TYPE = YES_ERROR;
				GCC_WARN_UNDECLARED_SELECTOR = YES;
				GCC_WARN_UNINITIALIZED_AUTOS = YES_AGGRESSIVE;
				GCC_WARN_UNUSED_FUNCTION = YES;
				GCC_WARN_UNUSED_VARIABLE = YES;
				MACOSX_DEPLOYMENT_TARGET = 10.11;
				MTL_ENABLE_DEBUG_INFO = NO;
				SDKROOT = macosx;
			};
			name = Release;
		};
		A63D36911BA9809E00A68CF9 /* Debug */ = {
			isa = XCBuildConfiguration;
			buildSettings = {
				MACOSX_DEPLOYMENT_TARGET = 10.10;
				PRODUCT_NAME = "$(TARGET_NAME)";
			};
			name = Debug;
		};
		A63D36921BA9809E00A68CF9 /* Release */ = {
			isa = XCBuildConfiguration;
			buildSettings = {
				MACOSX_DEPLOYMENT_TARGET = 10.10;
				PRODUCT_NAME = "$(TARGET_NAME)";
			};
			name = Release;
		};
/* End XCBuildConfiguration section */

/* Begin XCConfigurationList section */
		A63D36841BA9809E00A68CF9 /* Build configuration list for PBXProject "LCHLearnchardway" */ = {
			isa = XCConfigurationList;
			buildConfigurations = (
				A63D368E1BA9809E00A68CF9 /* Debug */,
				A63D368F1BA9809E00A68CF9 /* Release */,
			);
			defaultConfigurationIsVisible = 0;
			defaultConfigurationName = Release;
		};
		A63D36901BA9809E00A68CF9 /* Build configuration list for PBXNativeTarget "LCHLearnchardway" */ = {
			isa = XCConfigurationList;
			buildConfigurations = (
				A63D36911BA9809E00A68CF9 /* Debug */,
				A63D36921BA9809E00A68CF9 /* Release */,
			);
			defaultConfigurationIsVisible = 0;
			defaultConfigurationName = Release;
		};
/* End XCConfigurationList section */
	};
	rootObject = A63D36811BA9809E00A68CF9 /* Project object */;
}
